// !$*UTF8*$!
{
	archiveVersion = 1;
	classes = {
	};
	objectVersion = 56;
	objects = {

/* Begin PBXBuildFile section */
		"'01'" = {isa = PBXBuildFile; fileRef = 02; };
		"'03'" = {isa = PBXBuildFile; fileRef = 04; };
		"'05'" = {isa = PBXBuildFile; fileRef = 06; };
		"'07'" = {isa = PBXBuildFile; fileRef = 08; };
		"'09'" = {isa = PBXBuildFile; fileRef = 10; };
		"'11'" = {isa = PBXBuildFile; fileRef = 12; };
		"'13'" = {isa = PBXBuildFile; fileRef = 14; };
		"'17'" = {isa = PBXBuildFile; fileRef = 18; };
		"'19'" = {isa = PBXBuildFile; fileRef = 20; };
		"'A1'" = {isa = PBXBuildFile; fileRef = A2; };
		"'A3'" = {isa = PBXBuildFile; fileRef = A4; };
		"'A5'" = {isa = PBXBuildFile; fileRef = A6; };
		"'A7'" = {isa = PBXBuildFile; fileRef = A8; };
		"'A9'" = {isa = PBXBuildFile; fileRef = AA; };
		"'AB'" = {isa = PBXBuildFile; fileRef = AC; };
		"'AD'" = {isa = PBXBuildFile; fileRef = AE; };
		"'AF'" = {isa = PBXBuildFile; fileRef = B0; };
		"'B1'" = {isa = PBXBuildFile; fileRef = B2; };
		"'B3'" = {isa = PBXBuildFile; fileRef = B4; };
		"'B5'" = {isa = PBXBuildFile; fileRef = B6; };
		"'B7'" = {isa = PBXBuildFile; fileRef = B8; };
		"'C1'" = {isa = PBXBuildFile; fileRef = C2; };
		"'C3'" = {isa = PBXBuildFile; fileRef = C4; };
		"'C5'" = {isa = PBXBuildFile; fileRef = C6; };
		"'C7'" = {isa = PBXBuildFile; fileRef = C8; };
		"'C9'" = {isa = PBXBuildFile; fileRef = CA; };
		"'CB'" = {isa = PBXBuildFile; fileRef = CC; };
		"'TB01'" = {isa = PBXBuildFile; fileRef = T01; };
		"'TB02'" = {isa = PBXBuildFile; fileRef = T02; };
		"'TB03'" = {isa = PBXBuildFile; fileRef = T03; };
		"'TB04'" = {isa = PBXBuildFile; fileRef = T04; };
		"'TB07'" = {isa = PBXBuildFile; fileRef = T07; };
		"'TB08'" = {isa = PBXBuildFile; fileRef = T08; };
		"'TB09'" = {isa = PBXBuildFile; fileRef = T09; };
		"'TB10'" = {isa = PBXBuildFile; fileRef = T10; };
		"'TB11'" = {isa = PBXBuildFile; fileRef = T11; };
		"'TB12'" = {isa = PBXBuildFile; fileRef = T12; };
		"'TB13'" = {isa = PBXBuildFile; fileRef = T13; };
		"'TB14'" = {isa = PBXBuildFile; fileRef = T14; };
		"'TB15'" = {isa = PBXBuildFile; fileRef = T15; };
		"'TB16'" = {isa = PBXBuildFile; fileRef = T16; };
		"'TB17'" = {isa = PBXBuildFile; fileRef = T17; };
		"'TB21'" = {isa = PBXBuildFile; fileRef = T21; };
		"'TB22'" = {isa = PBXBuildFile; fileRef = T22; };
		"'TB23'" = {isa = PBXBuildFile; fileRef = T23; };
		"'TB24'" = {isa = PBXBuildFile; fileRef = T24; };
		"'TB25'" = {isa = PBXBuildFile; fileRef = T25; };
		289B4E5CAF7C82858A4E803F /* ScheduleFrequencyTests.swift in Sources */ = {isa = PBXBuildFile; fileRef = A8AA461CB54BCBCB2801B03A /* ScheduleFrequencyTests.swift */; };
		30B34356B4AAD420932AC087 /* ScheduleManagerTests.swift in Sources */ = {isa = PBXBuildFile; fileRef = 61204359A8BFAB06522D89D4 /* ScheduleManagerTests.swift */; };
		3F134137B49E0A73EE7522A9 /* SyncSchedule.swift in Sources */ = {isa = PBXBuildFile; fileRef = 053645FAA4DE8423BEF5739B /* SyncSchedule.swift */; };
		4C7842DABAEA664FF9FCF0C7 /* ProtonDriveSetupView.swift in Sources */ = {isa = PBXBuildFile; fileRef = 055C30C36D0BCF261C5C27FA /* ProtonDriveSetupView.swift */; };
		9EE547CA8962910F2222708B /* ScheduleManager.swift in Sources */ = {isa = PBXBuildFile; fileRef = CF6847C19686A43E75FCF2FC /* ScheduleManager.swift */; };
		A7EC4C4394FF1329C606EC7A /* ScheduleEditorSheet.swift in Sources */ = {isa = PBXBuildFile; fileRef = 3B3E44379D9CF676FDC68D69 /* ScheduleEditorSheet.swift */; };
		C0134810A44D25B8DBFC1AB3 /* ScheduleSettingsView.swift in Sources */ = {isa = PBXBuildFile; fileRef = FD9640DA9C750631BD3F4629 /* ScheduleSettingsView.swift */; };
		C5264BFC8F6F0A896F770980 /* SyncScheduleTests.swift in Sources */ = {isa = PBXBuildFile; fileRef = 0F674B7594978249F453A2F1 /* SyncScheduleTests.swift */; };
		F26C4FFB9C440BFDDD9EDD1A /* ScheduleRowView.swift in Sources */ = {isa = PBXBuildFile; fileRef = 52794392991E64F57C460BEA /* ScheduleRowView.swift */; };
/* End PBXBuildFile section */

/* Begin PBXContainerItemProxy section */
		"'PROXY01'" = {
			isa = PBXContainerItemProxy;
			containerPortal = 40;
			proxyType = 1;
			remoteGlobalIDString = 30;
			remoteInfo = CloudSyncApp;
		};
/* End PBXContainerItemProxy section */

/* Begin PBXFileReference section */
		"'02'" = {isa = PBXFileReference; lastKnownFileType = sourcecode.swift; path = CloudSyncAppApp.swift; sourceTree = "<group>"; };
		"'04'" = {isa = PBXFileReference; lastKnownFileType = sourcecode.swift; path = ContentView.swift; sourceTree = "<group>"; };
		"'06'" = {isa = PBXFileReference; lastKnownFileType = sourcecode.swift; path = RcloneManager.swift; sourceTree = "<group>"; };
		"'08'" = {isa = PBXFileReference; lastKnownFileType = sourcecode.swift; path = SyncManager.swift; sourceTree = "<group>"; };
		"'10'" = {isa = PBXFileReference; lastKnownFileType = sourcecode.swift; path = StatusBarController.swift; sourceTree = "<group>"; };
		"'12'" = {isa = PBXFileReference; lastKnownFileType = sourcecode.swift; path = SettingsView.swift; sourceTree = "<group>"; };
		"'14'" = {isa = PBXFileReference; lastKnownFileType = folder.assetcatalog; path = Assets.xcassets; sourceTree = "<group>"; };
		"'15'" = {isa = PBXFileReference; explicitFileType = wrapper.application; includeInIndex = 0; path = CloudSyncApp.app; sourceTree = BUILT_PRODUCTS_DIR; };
		"'16'" = {isa = PBXFileReference; lastKnownFileType = text.plist.xml; path = Info.plist; sourceTree = "<group>"; };
		"'18'" = {isa = PBXFileReference; lastKnownFileType = text.plist.entitlements; path = CloudSyncApp.entitlements; sourceTree = "<group>"; };
		"'20'" = {isa = PBXFileReference; lastKnownFileType = sourcecode.swift; path = EncryptionManager.swift; sourceTree = "<group>"; };
		"'A2'" = {isa = PBXFileReference; lastKnownFileType = sourcecode.swift; path = CloudProvider.swift; sourceTree = "<group>"; };
		"'A4'" = {isa = PBXFileReference; lastKnownFileType = sourcecode.swift; path = SyncTask.swift; sourceTree = "<group>"; };
		"'A6'" = {isa = PBXFileReference; lastKnownFileType = sourcecode.swift; path = AppTheme.swift; sourceTree = "<group>"; };
		"'A8'" = {isa = PBXFileReference; lastKnownFileType = sourcecode.swift; path = RemotesViewModel.swift; sourceTree = "<group>"; };
		"'AA'" = {isa = PBXFileReference; lastKnownFileType = sourcecode.swift; path = TasksViewModel.swift; sourceTree = "<group>"; };
		"'AC'" = {isa = PBXFileReference; lastKnownFileType = sourcecode.swift; path = FileBrowserViewModel.swift; sourceTree = "<group>"; };
		"'AE'" = {isa = PBXFileReference; lastKnownFileType = sourcecode.swift; path = MainWindow.swift; sourceTree = "<group>"; };
		"'B0'" = {isa = PBXFileReference; lastKnownFileType = sourcecode.swift; path = DashboardView.swift; sourceTree = "<group>"; };
		"'B2'" = {isa = PBXFileReference; lastKnownFileType = sourcecode.swift; path = TransferView.swift; sourceTree = "<group>"; };
		"'B4'" = {isa = PBXFileReference; lastKnownFileType = sourcecode.swift; path = TasksView.swift; sourceTree = "<group>"; };
		"'B6'" = {isa = PBXFileReference; lastKnownFileType = sourcecode.swift; path = HistoryView.swift; sourceTree = "<group>"; };
		"'B8'" = {isa = PBXFileReference; lastKnownFileType = sourcecode.swift; path = FileBrowserView.swift; sourceTree = "<group>"; };
		"'C2'" = {isa = PBXFileReference; lastKnownFileType = sourcecode.swift; path = ProtonDriveManager.swift; sourceTree = "<group>"; };
		"'C4'" = {isa = PBXFileReference; lastKnownFileType = sourcecode.swift; path = KeychainManager.swift; sourceTree = "<group>"; };
		"'C6'" = {isa = PBXFileReference; lastKnownFileType = sourcecode.swift; path = CloudSyncErrors.swift; sourceTree = "<group>"; };
		"'C8'" = {isa = PBXFileReference; lastKnownFileType = sourcecode.swift; path = Components.swift; sourceTree = "<group>"; };
		"'CA'" = {isa = PBXFileReference; lastKnownFileType = sourcecode.swift; path = "Logger+Extensions.swift"; sourceTree = "<group>"; };
		"'CC'" = {isa = PBXFileReference; lastKnownFileType = sourcecode.swift; path = EncryptionModal.swift; sourceTree = "<group>"; };
		"'T01'" = {isa = PBXFileReference; lastKnownFileType = sourcecode.swift; path = BandwidthThrottlingTests.swift; sourceTree = "<group>"; };
		"'T02'" = {isa = PBXFileReference; lastKnownFileType = sourcecode.swift; path = CloudProviderTests.swift; sourceTree = "<group>"; };
		"'T03'" = {isa = PBXFileReference; lastKnownFileType = sourcecode.swift; path = CloudSyncUltraIntegrationTests.swift; sourceTree = "<group>"; };
		"'T04'" = {isa = PBXFileReference; lastKnownFileType = sourcecode.swift; path = EncryptionManagerTests.swift; sourceTree = "<group>"; };
		"'T07'" = {isa = PBXFileReference; lastKnownFileType = sourcecode.swift; path = FileItemTests.swift; sourceTree = "<group>"; };
		"'T08'" = {isa = PBXFileReference; lastKnownFileType = sourcecode.swift; path = JottacloudAuthenticationTests.swift; sourceTree = "<group>"; };
		"'T09'" = {isa = PBXFileReference; lastKnownFileType = sourcecode.swift; path = JottacloudProviderTests.swift; sourceTree = "<group>"; };
		"'T10'" = {isa = PBXFileReference; lastKnownFileType = sourcecode.swift; path = KeychainManagerTests.swift; sourceTree = "<group>"; };
		"'T11'" = {isa = PBXFileReference; lastKnownFileType = sourcecode.swift; path = MainWindowIntegrationTests.swift; sourceTree = "<group>"; };
		"'T12'" = {isa = PBXFileReference; lastKnownFileType = sourcecode.swift; path = NewFeaturesTests.swift; sourceTree = "<group>"; };
		"'T13'" = {isa = PBXFileReference; lastKnownFileType = sourcecode.swift; path = OAuthExpansionProvidersTests.swift; sourceTree = "<group>"; };
		"'T14'" = {isa = PBXFileReference; lastKnownFileType = sourcecode.swift; path = Phase1Week1ProvidersTests.swift; sourceTree = "<group>"; };
		"'T15'" = {isa = PBXFileReference; lastKnownFileType = sourcecode.swift; path = Phase1Week2ProvidersTests.swift; sourceTree = "<group>"; };
		"'T16'" = {isa = PBXFileReference; lastKnownFileType = sourcecode.swift; path = Phase1Week3ProvidersTests.swift; sourceTree = "<group>"; };
		"'T17'" = {isa = PBXFileReference; lastKnownFileType = sourcecode.swift; path = ProtonDriveTests.swift; sourceTree = "<group>"; };
		"'T21'" = {isa = PBXFileReference; lastKnownFileType = sourcecode.swift; path = RemotesViewModelTests.swift; sourceTree = "<group>"; };
		"'T22'" = {isa = PBXFileReference; lastKnownFileType = sourcecode.swift; path = SyncManagerPhase2Tests.swift; sourceTree = "<group>"; };
		"'T23'" = {isa = PBXFileReference; lastKnownFileType = sourcecode.swift; path = SyncManagerTests.swift; sourceTree = "<group>"; };
		"'T24'" = {isa = PBXFileReference; lastKnownFileType = sourcecode.swift; path = SyncTaskTests.swift; sourceTree = "<group>"; };
		"'T25'" = {isa = PBXFileReference; lastKnownFileType = sourcecode.swift; path = TasksViewModelTests.swift; sourceTree = "<group>"; };
		"'TESTBUNDLE'" = {isa = PBXFileReference; explicitFileType = wrapper.cfbundle; includeInIndex = 0; path = CloudSyncAppTests.xctest; sourceTree = BUILT_PRODUCTS_DIR; };
		053645FAA4DE8423BEF5739B /* SyncSchedule.swift */ = {isa = PBXFileReference; lastKnownFileType = sourcecode.swift; name = SyncSchedule.swift; path = CloudSyncApp/Models/SyncSchedule.swift; sourceTree = SOURCE_ROOT; };
		055C30C36D0BCF261C5C27FA /* ProtonDriveSetupView.swift */ = {isa = PBXFileReference; lastKnownFileType = sourcecode.swift; path = ProtonDriveSetupView.swift; sourceTree = "<group>"; };
		0F674B7594978249F453A2F1 /* SyncScheduleTests.swift */ = {isa = PBXFileReference; lastKnownFileType = sourcecode.swift; name = SyncScheduleTests.swift; path = CloudSyncAppTests/SyncScheduleTests.swift; sourceTree = SOURCE_ROOT; };
		390D4FED834819B5C6E1ACDC /* ScheduleSettingsView.swift */ = {isa = PBXFileReference; lastKnownFileType = sourcecode.swift; name = ScheduleSettingsView.swift; path = CloudSyncApp/Views/ScheduleSettingsView.swift; sourceTree = SOURCE_ROOT; };
		3B034CA68869FE0F3C69B0F8 /* ScheduleEditorSheet.swift */ = {isa = PBXFileReference; lastKnownFileType = sourcecode.swift; name = ScheduleEditorSheet.swift; path = CloudSyncApp/Views/ScheduleEditorSheet.swift; sourceTree = SOURCE_ROOT; };
		3B3E44379D9CF676FDC68D69 /* ScheduleEditorSheet.swift */ = {isa = PBXFileReference; lastKnownFileType = sourcecode.swift; name = ScheduleEditorSheet.swift; path = CloudSyncApp/Views/ScheduleEditorSheet.swift; sourceTree = SOURCE_ROOT; };
		52794392991E64F57C460BEA /* ScheduleRowView.swift */ = {isa = PBXFileReference; lastKnownFileType = sourcecode.swift; name = ScheduleRowView.swift; path = CloudSyncApp/Views/ScheduleRowView.swift; sourceTree = SOURCE_ROOT; };
		59284716BB036151F4360BFE /* ScheduleRowView.swift */ = {isa = PBXFileReference; lastKnownFileType = sourcecode.swift; name = ScheduleRowView.swift; path = CloudSyncApp/Views/ScheduleRowView.swift; sourceTree = SOURCE_ROOT; };
		5F774A5795A06AE59286551B /* ScheduleRowView.swift */ = {isa = PBXFileReference; lastKnownFileType = sourcecode.swift; name = ScheduleRowView.swift; path = CloudSyncApp/Views/ScheduleRowView.swift; sourceTree = SOURCE_ROOT; };
		61204359A8BFAB06522D89D4 /* ScheduleManagerTests.swift */ = {isa = PBXFileReference; lastKnownFileType = sourcecode.swift; name = ScheduleManagerTests.swift; path = CloudSyncAppTests/ScheduleManagerTests.swift; sourceTree = SOURCE_ROOT; };
		7F8A41CFB49BC2327FB3DD4F /* ScheduleSettingsView.swift */ = {isa = PBXFileReference; lastKnownFileType = sourcecode.swift; name = ScheduleSettingsView.swift; path = CloudSyncApp/Views/ScheduleSettingsView.swift; sourceTree = SOURCE_ROOT; };
		A8AA461CB54BCBCB2801B03A /* ScheduleFrequencyTests.swift */ = {isa = PBXFileReference; lastKnownFileType = sourcecode.swift; name = ScheduleFrequencyTests.swift; path = CloudSyncAppTests/ScheduleFrequencyTests.swift; sourceTree = SOURCE_ROOT; };
		B4FD4B29B8D9D2A8264CE24C /* ScheduleEditorSheet.swift */ = {isa = PBXFileReference; lastKnownFileType = sourcecode.swift; name = ScheduleEditorSheet.swift; path = CloudSyncApp/Views/ScheduleEditorSheet.swift; sourceTree = SOURCE_ROOT; };
		CF6847C19686A43E75FCF2FC /* ScheduleManager.swift */ = {isa = PBXFileReference; lastKnownFileType = sourcecode.swift; name = ScheduleManager.swift; path = CloudSyncApp/ScheduleManager.swift; sourceTree = SOURCE_ROOT; };
		FD9640DA9C750631BD3F4629 /* ScheduleSettingsView.swift */ = {isa = PBXFileReference; lastKnownFileType = sourcecode.swift; name = ScheduleSettingsView.swift; path = CloudSyncApp/Views/ScheduleSettingsView.swift; sourceTree = SOURCE_ROOT; };
/* End PBXFileReference section */

/* Begin PBXGroup section */
		"'21'" = {
			isa = PBXGroup;
			children = (
				02,
				04,
				06,
				08,
				10,
				12,
				20,
				C2,
				C4,
				C6,
				CA,
				G1,
				G2,
				G3,
				G4,
				14,
				16,
				18,
			);
			path = CloudSyncApp;
			sourceTree = "<group>";
		};
		"'22'" = {
			isa = PBXGroup;
			children = (
				15,
				TESTBUNDLE,
			);
			name = Products;
			sourceTree = "<group>";
		};
		"'G0'" = {
			isa = PBXGroup;
			children = (
				21,
				GT,
				22,
				053645FAA4DE8423BEF5739B /* SyncSchedule.swift */,
				CF6847C19686A43E75FCF2FC /* ScheduleManager.swift */,
				FD9640DA9C750631BD3F4629 /* ScheduleSettingsView.swift */,
				52794392991E64F57C460BEA /* ScheduleRowView.swift */,
				3B3E44379D9CF676FDC68D69 /* ScheduleEditorSheet.swift */,
				0F674B7594978249F453A2F1 /* SyncScheduleTests.swift */,
				61204359A8BFAB06522D89D4 /* ScheduleManagerTests.swift */,
				A8AA461CB54BCBCB2801B03A /* ScheduleFrequencyTests.swift */,
				390D4FED834819B5C6E1ACDC /* ScheduleSettingsView.swift */,
				5F774A5795A06AE59286551B /* ScheduleRowView.swift */,
				B4FD4B29B8D9D2A8264CE24C /* ScheduleEditorSheet.swift */,
			);
			sourceTree = "<group>";
		};
		"'G1'" = {
			isa = PBXGroup;
			children = (
				A2,
				A4,
				A6,
			);
			path = Models;
			sourceTree = "<group>";
		};
		"'G2'" = {
			isa = PBXGroup;
			children = (
				A8,
				AA,
				AC,
			);
			path = ViewModels;
			sourceTree = "<group>";
		};
		"'G3'" = {
			isa = PBXGroup;
			children = (
				AE,
				B0,
				B2,
				055C30C36D0BCF261C5C27FA /* ProtonDriveSetupView.swift */,
				B4,
				B6,
				B8,
				CC,
				7F8A41CFB49BC2327FB3DD4F /* ScheduleSettingsView.swift */,
				59284716BB036151F4360BFE /* ScheduleRowView.swift */,
				3B034CA68869FE0F3C69B0F8 /* ScheduleEditorSheet.swift */,
			);
			path = Views;
			sourceTree = "<group>";
		};
		"'G4'" = {
			isa = PBXGroup;
			children = (
				C8,
			);
			path = Components;
			sourceTree = "<group>";
		};
		"'GT'" = {
			isa = PBXGroup;
			children = (
				T01,
				T02,
				T03,
				T04,
				T07,
				T08,
				T09,
				T10,
				T11,
				T12,
				T13,
				T14,
				T15,
				T16,
				T17,
				T21,
				T22,
				T23,
				T24,
				T25,
			);
			path = CloudSyncAppTests;
			sourceTree = "<group>";
		};
/* End PBXGroup section */

/* Begin PBXNativeTarget section */
		"'30'" = {
			isa = PBXNativeTarget;
			buildConfigurationList = 31;
			buildPhases = (
				32,
				33,
			);
			buildRules = (
			);
			dependencies = (
			);
			name = CloudSyncApp;
			productName = CloudSyncApp;
			productReference = 15;
			productType = "com.apple.product-type.application";
		};
		"'TESTTARGET'" = {
			isa = PBXNativeTarget;
			buildConfigurationList = TESTCONFIGLIST;
			buildPhases = (
				TESTSOURCES,
			);
			buildRules = (
			);
			dependencies = (
				TESTDEP,
			);
			name = CloudSyncAppTests;
			productName = CloudSyncAppTests;
			productReference = TESTBUNDLE;
			productType = "com.apple.product-type.bundle.unit-test";
		};
/* End PBXNativeTarget section */

/* Begin PBXProject section */
		"'40'" = {
			isa = PBXProject;
			attributes = {
				BuildIndependentTargetsInParallel = 1;
				LastSwiftUpdateCheck = 1500;
				LastUpgradeCheck = 1500;
			};
			buildConfigurationList = 41;
			compatibilityVersion = "Xcode 14.0";
			developmentRegion = en;
			hasScannedForEncodings = 0;
			knownRegions = (
				en,
				Base,
			);
			mainGroup = G0;
			productRefGroup = 22;
			projectDirPath = "";
			projectRoot = "";
			targets = (
				30,
				TESTTARGET,
			);
		};
/* End PBXProject section */

/* Begin PBXResourcesBuildPhase section */
		"'33'" = {
			isa = PBXResourcesBuildPhase;
			buildActionMask = 2147483647;
			files = (
				13,
			);
			runOnlyForDeploymentPostprocessing = 0;
		};
/* End PBXResourcesBuildPhase section */

/* Begin PBXSourcesBuildPhase section */
		"'32'" = {
			isa = PBXSourcesBuildPhase;
			buildActionMask = 2147483647;
			files = (
				01,
				03,
				05,
				07,
				09,
				11,
				19,
				C1,
				C3,
				C5,
				C7,
				C9,
				CB,
				A1,
				A3,
				A5,
				A7,
				A9,
				AB,
				AD,
				AF,
				B1,
				4C7842DABAEA664FF9FCF0C7 /* ProtonDriveSetupView.swift in Sources */,
				B3,
				B5,
				B7,
				3F134137B49E0A73EE7522A9 /* SyncSchedule.swift in Sources */,
				9EE547CA8962910F2222708B /* ScheduleManager.swift in Sources */,
				C0134810A44D25B8DBFC1AB3 /* ScheduleSettingsView.swift in Sources */,
				F26C4FFB9C440BFDDD9EDD1A /* ScheduleRowView.swift in Sources */,
				A7EC4C4394FF1329C606EC7A /* ScheduleEditorSheet.swift in Sources */,
			);
			runOnlyForDeploymentPostprocessing = 0;
		};
		"'TESTSOURCES'" = {
			isa = PBXSourcesBuildPhase;
			buildActionMask = 2147483647;
			files = (
				TB02,
				TB08,
				TB09,
				C5264BFC8F6F0A896F770980 /* SyncScheduleTests.swift in Sources */,
				30B34356B4AAD420932AC087 /* ScheduleManagerTests.swift in Sources */,
				289B4E5CAF7C82858A4E803F /* ScheduleFrequencyTests.swift in Sources */,
			);
			runOnlyForDeploymentPostprocessing = 0;
		};
/* End PBXSourcesBuildPhase section */

/* Begin PBXTargetDependency section */
		"'TESTDEP'" = {
			isa = PBXTargetDependency;
			target = 30;
			targetProxy = PROXY01;
		};
/* End PBXTargetDependency section */

/* Begin XCBuildConfiguration section */
		"'50'" = {
			isa = XCBuildConfiguration;
			buildSettings = {
				ALWAYS_SEARCH_USER_PATHS = NO;
				ASSETCATALOG_COMPILER_APPICON_NAME = AppIcon;
				ASSETCATALOG_COMPILER_GLOBAL_ACCENT_COLOR_NAME = AccentColor;
				CODE_SIGN_ENTITLEMENTS = CloudSyncApp/CloudSyncApp.entitlements;
				CODE_SIGN_IDENTITY = "-";
				CODE_SIGN_STYLE = Manual;
				COMBINE_HIDPI_IMAGES = YES;
				CURRENT_PROJECT_VERSION = 2;
				DEVELOPMENT_TEAM = "";
				ENABLE_HARDENED_RUNTIME = NO;
				ENABLE_TESTABILITY = YES;
				GENERATE_INFOPLIST_FILE = YES;
				INFOPLIST_FILE = CloudSyncApp/Info.plist;
				INFOPLIST_KEY_LSUIElement = NO;
				INFOPLIST_KEY_NSHumanReadableCopyright = "Copyright © 2026 CloudSync. All rights reserved.";
				LD_RUNPATH_SEARCH_PATHS = (
					"$(inherited)",
					"@executable_path/../Frameworks",
				);
				MACOSX_DEPLOYMENT_TARGET = 14.0;
				MARKETING_VERSION = 2.0.0;
				PRODUCT_BUNDLE_IDENTIFIER = com.yourcompany.CloudSyncApp;
				PRODUCT_NAME = "$(TARGET_NAME)";
				SWIFT_EMIT_LOC_STRINGS = YES;
				SWIFT_VERSION = 5.0;
			};
			name = Debug;
		};
		"'51'" = {
			isa = XCBuildConfiguration;
			buildSettings = {
				ALWAYS_SEARCH_USER_PATHS = NO;
				ASSETCATALOG_COMPILER_APPICON_NAME = AppIcon;
				ASSETCATALOG_COMPILER_GLOBAL_ACCENT_COLOR_NAME = AccentColor;
				CODE_SIGN_ENTITLEMENTS = CloudSyncApp/CloudSyncApp.entitlements;
				CODE_SIGN_STYLE = Automatic;
				COMBINE_HIDPI_IMAGES = YES;
				CURRENT_PROJECT_VERSION = 2;
				DEVELOPMENT_TEAM = "";
				ENABLE_HARDENED_RUNTIME = YES;
				GENERATE_INFOPLIST_FILE = YES;
				INFOPLIST_FILE = CloudSyncApp/Info.plist;
				INFOPLIST_KEY_LSUIElement = NO;
				INFOPLIST_KEY_NSHumanReadableCopyright = "Copyright © 2026 CloudSync. All rights reserved.";
				LD_RUNPATH_SEARCH_PATHS = (
					"$(inherited)",
					"@executable_path/../Frameworks",
				);
				MACOSX_DEPLOYMENT_TARGET = 14.0;
				MARKETING_VERSION = 2.0.0;
				PRODUCT_BUNDLE_IDENTIFIER = com.yourcompany.CloudSyncApp;
				PRODUCT_NAME = "$(TARGET_NAME)";
				SWIFT_EMIT_LOC_STRINGS = YES;
				SWIFT_VERSION = 5.0;
			};
			name = Release;
		};
		"'TESTDEBUG'" = {
			isa = XCBuildConfiguration;
			buildSettings = {
				ALWAYS_SEARCH_USER_PATHS = NO;
				BUNDLE_LOADER = "$(TEST_HOST)";
				CODE_SIGN_IDENTITY = "-";
				CODE_SIGN_STYLE = Manual;
				CURRENT_PROJECT_VERSION = 1;
				DEVELOPMENT_TEAM = "";
				GENERATE_INFOPLIST_FILE = YES;
				MACOSX_DEPLOYMENT_TARGET = 14.0;
				MARKETING_VERSION = 1.0;
				PRODUCT_BUNDLE_IDENTIFIER = com.yourcompany.CloudSyncAppTests;
				PRODUCT_NAME = "$(TARGET_NAME)";
				SWIFT_EMIT_LOC_STRINGS = NO;
				SWIFT_VERSION = 5.0;
				TEST_HOST = "$(BUILT_PRODUCTS_DIR)/CloudSyncApp.app/$(BUNDLE_EXECUTABLE_FOLDER_PATH)/CloudSyncApp";
			};
			name = Debug;
		};
		"'TESTRELEASE'" = {
			isa = XCBuildConfiguration;
			buildSettings = {
				ALWAYS_SEARCH_USER_PATHS = NO;
				BUNDLE_LOADER = "$(TEST_HOST)";
				CODE_SIGN_IDENTITY = "-";
				CODE_SIGN_STYLE = Manual;
				CURRENT_PROJECT_VERSION = 1;
				DEVELOPMENT_TEAM = "";
				GENERATE_INFOPLIST_FILE = YES;
				MACOSX_DEPLOYMENT_TARGET = 14.0;
				MARKETING_VERSION = 1.0;
				PRODUCT_BUNDLE_IDENTIFIER = com.yourcompany.CloudSyncAppTests;
				PRODUCT_NAME = "$(TARGET_NAME)";
				SWIFT_EMIT_LOC_STRINGS = NO;
				SWIFT_VERSION = 5.0;
				TEST_HOST = "$(BUILT_PRODUCTS_DIR)/CloudSyncApp.app/$(BUNDLE_EXECUTABLE_FOLDER_PATH)/CloudSyncApp";
			};
			name = Release;
		};
/* End XCBuildConfiguration section */

/* Begin XCConfigurationList section */
		"'31'" = {
			isa = XCConfigurationList;
			buildConfigurations = (
				50,
				51,
			);
			defaultConfigurationIsVisible = 0;
			defaultConfigurationName = Release;
		};
		"'41'" = {
			isa = XCConfigurationList;
			buildConfigurations = (
				50,
				51,
			);
			defaultConfigurationIsVisible = 0;
			defaultConfigurationName = Release;
		};
		"'TESTCONFIGLIST'" = {
			isa = XCConfigurationList;
			buildConfigurations = (
				TESTDEBUG,
				TESTRELEASE,
			);
			defaultConfigurationIsVisible = 0;
			defaultConfigurationName = Release;
		};
/* End XCConfigurationList section */
	};
	rootObject = 40;
}
