// !$*UTF8*$!
{
	archiveVersion = 1;
	classes = {
	};
	objectVersion = 56;
	objects = {

/* Begin PBXBuildFile section */
		01 /* CloudSyncAppApp.swift in Sources */ = {isa = PBXBuildFile; fileRef = 02 /* CloudSyncAppApp.swift */; };
		03 /* ContentView.swift in Sources */ = {isa = PBXBuildFile; fileRef = 04 /* ContentView.swift */; };
		05 /* RcloneManager.swift in Sources */ = {isa = PBXBuildFile; fileRef = 06 /* RcloneManager.swift */; };
		05C65938403FAA1C275F694D /* TasksUITests.swift in Sources */ = {isa = PBXBuildFile; fileRef = 676F55F5D2D0390999318696 /* TasksUITests.swift */; };
		07 /* SyncManager.swift in Sources */ = {isa = PBXBuildFile; fileRef = 08 /* SyncManager.swift */; };
		0853A8B6DCF0320F979C9F09 /* OAuthExpansionProvidersTests.swift in Sources */ = {isa = PBXBuildFile; fileRef = C57298D30CEEFA6B8FCE7AB3 /* OAuthExpansionProvidersTests.swift */; };
		09 /* StatusBarController.swift in Sources */ = {isa = PBXBuildFile; fileRef = 10 /* StatusBarController.swift */; };
		09E04DE9BBBC3500DBC6D7F4 /* ScheduleEditorSheet.swift in Sources */ = {isa = PBXBuildFile; fileRef = C4194F8B8D6C8FBB1644D705 /* ScheduleEditorSheet.swift */; };
		0A2F78C6C44A00F629D3291A /* TransferOptimizerTests.swift in Sources */ = {isa = PBXBuildFile; fileRef = C7640A97C61011358757E1FB /* TransferOptimizerTests.swift */; };
		0A61B23867A9489792450FDE /* ChooseProviderStep.swift in Sources */ = {isa = PBXBuildFile; fileRef = 844390DA36AC4C9995E69DDE /* ChooseProviderStep.swift */; };
		0E94260E87450DA03C71AC99 /* Cocoa.framework in Frameworks */ = {isa = PBXBuildFile; fileRef = 7114CE2ED36FBC45B7DA3621 /* Cocoa.framework */; };
		11 /* SettingsView.swift in Sources */ = {isa = PBXBuildFile; fileRef = 12 /* SettingsView.swift */; };
		13 /* Assets.xcassets in Resources */ = {isa = PBXBuildFile; fileRef = 14 /* Assets.xcassets */; };
		15D070AFCAD4B41716F8B90C /* CrashReportViewer.swift in Sources */ = {isa = PBXBuildFile; fileRef = AF8EE54CC73F706C74ADE027 /* CrashReportViewer.swift */; };
		19 /* EncryptionManager.swift in Sources */ = {isa = PBXBuildFile; fileRef = 20 /* EncryptionManager.swift */; };
		1A895E4AAA78AC9F4CE51364 /* JottacloudProviderTests.swift in Sources */ = {isa = PBXBuildFile; fileRef = D63BCA8D8C177E469BF4667C /* JottacloudProviderTests.swift */; };
		1B162F32BC976843C403F875 /* SettingsUITests.swift in Sources */ = {isa = PBXBuildFile; fileRef = C9D6692B80F0AAC744308A41 /* SettingsUITests.swift */; };
		1B886135514887EC390443F0 /* Phase1Week2ProvidersTests.swift in Sources */ = {isa = PBXBuildFile; fileRef = E7900A9FE676AF733C72749E /* Phase1Week2ProvidersTests.swift */; };
		1E2C4260CDBD4302607AD61C /* HelpCategory.swift in Sources */ = {isa = PBXBuildFile; fileRef = EEAAD6BF7230D609CD93447E /* HelpCategory.swift */; };
		24C6CFBD2B9C48DD9DB46DD9 /* WizardProgressView.swift in Sources */ = {isa = PBXBuildFile; fileRef = 778B4EFD43A54985A2E5C824 /* WizardProgressView.swift */; };
		290BABC06DD843FEB9A8DE97 /* WizardView.swift in Sources */ = {isa = PBXBuildFile; fileRef = 2481327360564A278C68EC9D /* WizardView.swift */; };
		2BA33583EAF6D48486872A43 /* TransferViewUITests.swift in Sources */ = {isa = PBXBuildFile; fileRef = 913A773063349BA1D4C769F8 /* TransferViewUITests.swift */; };
		2C41CDE946A3A0F5E1E2F763 /* SubscriptionTier.swift in Sources */ = {isa = PBXBuildFile; fileRef = B455BD415BDDCF311808B5CE /* SubscriptionTier.swift */; };
		2CBA14FDB5D8407B9937F012 /* MultiThreadDownloadTests.swift in Sources */ = {isa = PBXBuildFile; fileRef = AA8C7CCAC4914E5A58E0B9D0 /* MultiThreadDownloadTests.swift */; };
		2FFF493F1645756320E99263 /* SyncManagerPhase2Tests.swift in Sources */ = {isa = PBXBuildFile; fileRef = 9C8187EBA15FB8E1E9AF2508 /* SyncManagerPhase2Tests.swift */; };
		3544C759F866635E5EF11EE9 /* SyncManagerTests.swift in Sources */ = {isa = PBXBuildFile; fileRef = 7C9ED024095B67FD449DAD9D /* SyncManagerTests.swift */; };
		35ECD63CA579DB0E5AC87055 /* SubscriptionView.swift in Sources */ = {isa = PBXBuildFile; fileRef = 8787F26DDBDE93A2675DDA33 /* SubscriptionView.swift */; };
		36C776A9209195E868E81BEB /* TransferViewStateTests.swift in Sources */ = {isa = PBXBuildFile; fileRef = 6FDD46B253F69871C55FAE99 /* TransferViewStateTests.swift */; };
		38907F9E82A0FBD76721788A /* SyncTaskTests.swift in Sources */ = {isa = PBXBuildFile; fileRef = C7DCC18765B1FACCAA965FF5 /* SyncTaskTests.swift */; };
		3C0A61D75E294F51AB336EF6 /* RcloneManagerErrorTests.swift in Sources */ = {isa = PBXBuildFile; fileRef = 9DCDC5D0F7F267A4299B7A34 /* RcloneManagerErrorTests.swift */; };
		3CE3E7435EB740EE9E59CEE5 /* TestConnectionStep.swift in Sources */ = {isa = PBXBuildFile; fileRef = AE192B5F342B4885B96112D0 /* TestConnectionStep.swift */; };
		3D4987CD5D274652904FA2C3 /* ConfigureSettingsStep.swift in Sources */ = {isa = PBXBuildFile; fileRef = B4E28ECC94854AD89AD4AB94 /* ConfigureSettingsStep.swift */; };
		3DE9FA1916F3A51951A5E8DC /* Phase1Week3ProvidersTests.swift in Sources */ = {isa = PBXBuildFile; fileRef = 990D0F70CC76B66CE3B45B4E /* Phase1Week3ProvidersTests.swift */; };
		3EE41743EA0D6C4FFB2B9E83 /* ErrorNotificationManagerTests.swift in Sources */ = {isa = PBXBuildFile; fileRef = C7DA7F1856757AB4C4C72C7A /* ErrorNotificationManagerTests.swift */; };
		3F339F7447DB8BDABE3E1A45 /* ChunkSizeTests.swift in Sources */ = {isa = PBXBuildFile; fileRef = 44288236563EB1F0789C060E /* ChunkSizeTests.swift */; };
		442B3A50FA48541267ABA227 /* BandwidthThrottlingUITests.swift in Sources */ = {isa = PBXBuildFile; fileRef = 7C885DE1600F31A933247FA5 /* BandwidthThrottlingUITests.swift */; };
		56128FD100AFC400EF37268D /* QuickActionsView.swift in Sources */ = {isa = PBXBuildFile; fileRef = 4067D568C3D17631CE8DF789 /* QuickActionsView.swift */; };
		5757119078672EE10F29AE66 /* CloudSyncAppUITests.swift in Sources */ = {isa = PBXBuildFile; fileRef = 29FCF855FFAADD6680076AD2 /* CloudSyncAppUITests.swift */; };
		585137937773274EE2DB0388 /* TransferPreview.swift in Sources */ = {isa = PBXBuildFile; fileRef = 078683D70523A8FC2A01093F /* TransferPreview.swift */; };
		594A3E4BB5CAD8296F41B5EF /* HelpManager.swift in Sources */ = {isa = PBXBuildFile; fileRef = F558D6C3377DEC3C817F705C /* HelpManager.swift */; };
		5D33408EE5730FB66E7A7434 /* CloudProviderTests.swift in Sources */ = {isa = PBXBuildFile; fileRef = AE598E5C958E81790046D8C1 /* CloudProviderTests.swift */; };
		5E1191103A0838DD205D52EC /* SecureString.swift in Sources */ = {isa = PBXBuildFile; fileRef = 8E993DCCAE5027CC85D02A70 /* SecureString.swift */; };
		631B9EE64D50FDF1A7CF8114 /* AddRemoteViewTests.swift in Sources */ = {isa = PBXBuildFile; fileRef = B11DA4CAA0CBE2C9F2F5FFA6 /* AddRemoteViewTests.swift */; };
		676D68533A41294BC4FB5960 /* OnboardingViewModelTests.swift in Sources */ = {isa = PBXBuildFile; fileRef = FB6D4BA40F093273E2CEC341 /* OnboardingViewModelTests.swift */; };
		6D5141DCA9FE66C7D7B06816 /* ScheduleSettingsView.swift in Sources */ = {isa = PBXBuildFile; fileRef = 83ED492C8829FC2B8ACC2FBB /* ScheduleSettingsView.swift */; };
		6E423B404C4C7CF88C086CC3 /* RemotesViewModelTests.swift in Sources */ = {isa = PBXBuildFile; fileRef = 9E8DABB2B86630B83F6834B3 /* RemotesViewModelTests.swift */; };
		729F47C18417A8B8560B8C1F /* ScheduleManager.swift in Sources */ = {isa = PBXBuildFile; fileRef = 458E4CA3A6E61071EE941591 /* ScheduleManager.swift */; };
		73DCAF4ED905EDDECDF653A9 /* CrashReportingManager.swift in Sources */ = {isa = PBXBuildFile; fileRef = 83C74F79C5EE9676CAE67930 /* CrashReportingManager.swift */; };
		73FD6B6E5AFA2A841C8B50D6 /* JottacloudAuthenticationTests.swift in Sources */ = {isa = PBXBuildFile; fileRef = 3897FF2136C42413E2F8A10B /* JottacloudAuthenticationTests.swift */; };
		742B29A5D981D9A5F17C62BA /* AccountNameTests.swift in Sources */ = {isa = PBXBuildFile; fileRef = 00674214001C9A1082D1207D /* AccountNameTests.swift */; };
		77068DEE976DCBE38155F97B /* OnboardingViewModel.swift in Sources */ = {isa = PBXBuildFile; fileRef = 1947B9C996D3BC4E388965B7 /* OnboardingViewModel.swift */; };
		783863546852C7EA2EEBEC28 /* TransferErrorTests.swift in Sources */ = {isa = PBXBuildFile; fileRef = 26DB2CF33F725AD280A7EEE5 /* TransferErrorTests.swift */; };
		7C5F9037D207CCDFBE127ED0 /* RemoteReorderingTests.swift in Sources */ = {isa = PBXBuildFile; fileRef = 5106C877AA4817D4F7C064FC /* RemoteReorderingTests.swift */; };
		8065DA638CFA42AABC5633BF /* SuccessStep.swift in Sources */ = {isa = PBXBuildFile; fileRef = 1243CB7CF07E4EA6845D7C47 /* SuccessStep.swift */; };
		81CE811892E52A5E68CC65D7 /* TimeFormattingTests.swift in Sources */ = {isa = PBXBuildFile; fileRef = 7E62C7A70FE07F84F99CBBB6 /* TimeFormattingTests.swift */; };
		82948DFD83AC5CFBF3951A22 /* CloudSyncUltraIntegrationTests.swift in Sources */ = {isa = PBXBuildFile; fileRef = 3DA97DEA46D79CCD30FA0278 /* CloudSyncUltraIntegrationTests.swift */; };
		86BB3ED50642B7B8CFE212C8 /* SyncScheduleTests.swift in Sources */ = {isa = PBXBuildFile; fileRef = BDE78D2F7E6BFB80FDE643BB /* SyncScheduleTests.swift */; };
		8840B42F2500A637EE0256CA /* SidebarOrderTests.swift in Sources */ = {isa = PBXBuildFile; fileRef = 75FBCB0B8634CE3A3883222C /* SidebarOrderTests.swift */; };
		89191FA68F0EFC63D0A63A9A /* PerformanceProfile.swift in Sources */ = {isa = PBXBuildFile; fileRef = 5AFE5ABA9470475042E35F1B /* PerformanceProfile.swift */; };
		8DE760D3EA5661EC1C772802 /* HelpTopic.swift in Sources */ = {isa = PBXBuildFile; fileRef = 84316305CEA5BCD30DFFB7BC /* HelpTopic.swift */; };
		94601C1CC9A6768D2C0D48AE /* PerformanceProfileTests.swift in Sources */ = {isa = PBXBuildFile; fileRef = 363AFE7F6CFC5D23D651F1BC /* PerformanceProfileTests.swift */; };
		972920D5C1F583EAE8FD98C9 /* TransferOptimizer.swift in Sources */ = {isa = PBXBuildFile; fileRef = 00FE89E5D3B69FEA0EBEF0CF /* TransferOptimizer.swift */; };
		9B0D2035BCFC1AC1B99EEEA1 /* PerformanceSettingsView.swift in Sources */ = {isa = PBXBuildFile; fileRef = 94A865AA92D3853E31E7C05D /* PerformanceSettingsView.swift */; };
		9B85615EC4EC33CB802ABFA2 /* HelpSystemTests.swift in Sources */ = {isa = PBXBuildFile; fileRef = A4FBA4CD745F10F3CCD929EE /* HelpSystemTests.swift */; };
		9FF048E78C64843615D3B45A /* SyncSchedule.swift in Sources */ = {isa = PBXBuildFile; fileRef = A79142E2AF96EBA935916A2E /* SyncSchedule.swift */; };
		A1 /* CloudProvider.swift in Sources */ = {isa = PBXBuildFile; fileRef = A2 /* CloudProvider.swift */; };
		A23C9ED2D57545CDB27C7645 /* ProviderConnectionWizardView.swift in Sources */ = {isa = PBXBuildFile; fileRef = 10DDF97872B748A09114E13B /* ProviderConnectionWizardView.swift */; };
		A3 /* SyncTask.swift in Sources */ = {isa = PBXBuildFile; fileRef = A4 /* SyncTask.swift */; };
		A5921BD1342E45D791A9135B /* AuthRateLimiter.swift in Sources */ = {isa = PBXBuildFile; fileRef = 43097CB31FE0746630E17F49 /* AuthRateLimiter.swift */; };
		A7 /* RemotesViewModel.swift in Sources */ = {isa = PBXBuildFile; fileRef = A8 /* RemotesViewModel.swift */; };
		A736C5BFC70A4EBF1A849DC6 /* CrashReport.swift in Sources */ = {isa = PBXBuildFile; fileRef = 06D003539E2443AABD37FE21 /* CrashReport.swift */; };
		A7A75C89672BD191A890F869 /* KeychainManagerTests.swift in Sources */ = {isa = PBXBuildFile; fileRef = 4DAF33D2D05D2C43F610E397 /* KeychainManagerTests.swift */; };
		A9 /* TasksViewModel.swift in Sources */ = {isa = PBXBuildFile; fileRef = AA /* TasksViewModel.swift */; };
		AB /* FileBrowserViewModel.swift in Sources */ = {isa = PBXBuildFile; fileRef = AC /* FileBrowserViewModel.swift */; };
		AD /* MainWindow.swift in Sources */ = {isa = PBXBuildFile; fileRef = AE /* MainWindow.swift */; };
		ADD01 /* AddProviderStepView.swift in Sources */ = {isa = PBXBuildFile; fileRef = ADD02 /* AddProviderStepView.swift */; };
		AF /* DashboardView.swift in Sources */ = {isa = PBXBuildFile; fileRef = B0 /* DashboardView.swift */; };
		B041C2E9E82EAA4027C4BCDC /* MainWindowIntegrationTests.swift in Sources */ = {isa = PBXBuildFile; fileRef = E19E4FEDBCB418DE1806942D /* MainWindowIntegrationTests.swift */; };
		B1 /* TransferView.swift in Sources */ = {isa = PBXBuildFile; fileRef = B2 /* TransferView.swift */; };
		B1310D7EEC04969EAD432C6F /* MenuBarScheduleTests.swift in Sources */ = {isa = PBXBuildFile; fileRef = 874E321597BF2B2982570A05 /* MenuBarScheduleTests.swift */; };
		B3 /* TasksView.swift in Sources */ = {isa = PBXBuildFile; fileRef = B4 /* TasksView.swift */; };
		B5 /* HistoryView.swift in Sources */ = {isa = PBXBuildFile; fileRef = B6 /* HistoryView.swift */; };
		B7 /* FileBrowserView.swift in Sources */ = {isa = PBXBuildFile; fileRef = B8 /* FileBrowserView.swift */; };
		B9904339C73050D33EE2DC35 /* FileItemTests.swift in Sources */ = {isa = PBXBuildFile; fileRef = B23CA2230D58EBE239230765 /* FileItemTests.swift */; };
		BBA66562727E6D647D89B5B4 /* EncryptionManagerTests.swift in Sources */ = {isa = PBXBuildFile; fileRef = B75BED8A2C3C627246D97ADB /* EncryptionManagerTests.swift */; };
		BF01 /* EncryptionModal.swift in Sources */ = {isa = PBXBuildFile; fileRef = B37C41589EAD874DD98D07E4 /* EncryptionModal.swift */; };
		BF02 /* Components.swift in Sources */ = {isa = PBXBuildFile; fileRef = DCC849189CAEEFB49851CF23 /* Components.swift */; };
		BF03 /* CloudSyncErrors.swift in Sources */ = {isa = PBXBuildFile; fileRef = 6F5E48E7AEC7D5E407F501B9 /* CloudSyncErrors.swift */; };
		BF04 /* KeychainManager.swift in Sources */ = {isa = PBXBuildFile; fileRef = ECFF45298AC401F4D2887258 /* KeychainManager.swift */; };
		BF05 /* Logger+Extensions.swift in Sources */ = {isa = PBXBuildFile; fileRef = 49FC495CA79185DB2B79982D /* Logger+Extensions.swift */; };
		BF06 /* ProtonDriveManager.swift in Sources */ = {isa = PBXBuildFile; fileRef = 3EA943E5A37C52E2869C48D0 /* ProtonDriveManager.swift */; };
		BF07 /* ProtonDriveSetupView.swift in Sources */ = {isa = PBXBuildFile; fileRef = 055C30C36D0BCF261C5C27FA /* ProtonDriveSetupView.swift */; };
		C12F52A4FE77EB07C3F45AFC /* AppTheme+ProviderColors.swift in Sources */ = {isa = PBXBuildFile; fileRef = AC65A10946A6CD735FA94D79 /* AppTheme+ProviderColors.swift */; };
		C253E3C82C46D2E49FC7BF0A /* BandwidthThrottlingTests.swift in Sources */ = {isa = PBXBuildFile; fileRef = E73474A03B74243C017C410E /* BandwidthThrottlingTests.swift */; };
		C315EB8938B597F31192BB22 /* TransferPreviewTests.swift in Sources */ = {isa = PBXBuildFile; fileRef = 4FDF9B64CA91B6A75B7BD1BD /* TransferPreviewTests.swift */; };
		C83C9D658C9DAD85749F1716 /* WelcomeStepView.swift in Sources */ = {isa = PBXBuildFile; fileRef = 6DDA27334D60713D882DB6B0 /* WelcomeStepView.swift */; };
		CMP01 /* CompletionStepView.swift in Sources */ = {isa = PBXBuildFile; fileRef = CMP02 /* CompletionStepView.swift */; };
		D7114B6E9C6AE93A064FB12B /* Phase1Week1ProvidersTests.swift in Sources */ = {isa = PBXBuildFile; fileRef = F4547BACA8D0CFB390C1E064 /* Phase1Week1ProvidersTests.swift */; };
		E04D2FFB07E1D6F32F2C5984 /* ScheduleManagerTests.swift in Sources */ = {isa = PBXBuildFile; fileRef = 4CDAF6B5FA7CE2AED5D0118E /* ScheduleManagerTests.swift */; };
		E2F08BCC2D001142749CE7AC /* FileBrowserUITests.swift in Sources */ = {isa = PBXBuildFile; fileRef = 510FB6414EA9DC91737151EE /* FileBrowserUITests.swift */; };
		E3E6EE7BAF23B655BF7648F7 /* OnboardingView.swift in Sources */ = {isa = PBXBuildFile; fileRef = 9D9DEA3C203CF6EE7F9C00D8 /* OnboardingView.swift */; };
		E47CD27D2F163702001E64FC /* TransferError.swift in Sources */ = {isa = PBXBuildFile; fileRef = E47CD27C2F163702001E64FC /* TransferError.swift */; };
		E47CD27F2F17EB37001E64FC /* NotificationManager.swift in Sources */ = {isa = PBXBuildFile; fileRef = E47CD27E2F17EB37001E64FC /* NotificationManager.swift */; };
		E47CD2872F17ED03001E64FC /* AppTheme.swift in Sources */ = {isa = PBXBuildFile; fileRef = E47CD2842F17ED03001E64FC /* AppTheme.swift */; };
		E47CD2882F17ED03001E64FC /* ButtonStyles.swift in Sources */ = {isa = PBXBuildFile; fileRef = E47CD2852F17ED03001E64FC /* ButtonStyles.swift */; };
		E47CD2892F17ED03001E64FC /* CardStyles.swift in Sources */ = {isa = PBXBuildFile; fileRef = E47CD2862F17ED03001E64FC /* CardStyles.swift */; };
		E79B69A17616C3EA513E86BB /* PaywallView.swift in Sources */ = {isa = PBXBuildFile; fileRef = 5750EAC63CBC8D0EBA85D075 /* PaywallView.swift */; };
		E93555A9C727135EBF3E404A /* DashboardUITests.swift in Sources */ = {isa = PBXBuildFile; fileRef = 660A2D60774D78D930803712 /* DashboardUITests.swift */; };
		F380524C70F44E5D037321B3 /* WorkflowUITests.swift in Sources */ = {isa = PBXBuildFile; fileRef = 2A48BBE0B7CF92DB356AB1FB /* WorkflowUITests.swift */; };
		F38D53E8FEFE68995CC4A069 /* ScheduleFrequencyTests.swift in Sources */ = {isa = PBXBuildFile; fileRef = D2D2881ED8DA0ABD6E7BFC23 /* ScheduleFrequencyTests.swift */; };
		F55E0A979B6C9A6344B933AC /* StoreKitManager.swift in Sources */ = {isa = PBXBuildFile; fileRef = 4FB6A056898C5413DB9FC0C7 /* StoreKitManager.swift */; };
		F9455A915EF77B90D3A135CD /* ProviderIconView.swift in Sources */ = {isa = PBXBuildFile; fileRef = D506FF630286532822C2F401 /* ProviderIconView.swift */; };
		F9F6431099FEBF1B1708BFA1 /* ScheduleRowView.swift in Sources */ = {isa = PBXBuildFile; fileRef = AFEC4CFC95280DF06508D2DC /* ScheduleRowView.swift */; };
		FEE0B457B924834A99AEE7A8 /* SecurityManager.swift in Sources */ = {isa = PBXBuildFile; fileRef = 59D49B2D17312CF790988F9C /* SecurityManager.swift */; };
		FSS01 /* FirstSyncStepView.swift in Sources */ = {isa = PBXBuildFile; fileRef = FSS02 /* FirstSyncStepView.swift */; };
		SCHED001 /* ScheduleWizardView.swift in Sources */ = {isa = PBXBuildFile; fileRef = SCHED101 /* ScheduleWizardView.swift */; };
		SCHED002 /* SelectRemotesStep.swift in Sources */ = {isa = PBXBuildFile; fileRef = SCHED102 /* SelectRemotesStep.swift */; };
		SCHED003 /* ConfigureScheduleStep.swift in Sources */ = {isa = PBXBuildFile; fileRef = SCHED103 /* ConfigureScheduleStep.swift */; };
		SCHED004 /* ScheduleReviewStep.swift in Sources */ = {isa = PBXBuildFile; fileRef = SCHED104 /* ScheduleReviewStep.swift */; };
		TRANS001 /* TransferWizardView.swift in Sources */ = {isa = PBXBuildFile; fileRef = TRANS101 /* TransferWizardView.swift */; };
		TRANS002 /* TransferSourceStep.swift in Sources */ = {isa = PBXBuildFile; fileRef = TRANS102 /* TransferSourceStep.swift */; };
		TRANS003 /* TransferDestinationStep.swift in Sources */ = {isa = PBXBuildFile; fileRef = TRANS103 /* TransferDestinationStep.swift */; };
		TRANS004 /* TransferOptionsStep.swift in Sources */ = {isa = PBXBuildFile; fileRef = TRANS104 /* TransferOptionsStep.swift */; };
		TRANS005 /* TransferReviewStep.swift in Sources */ = {isa = PBXBuildFile; fileRef = TRANS105 /* TransferReviewStep.swift */; };
		SV01 /* SchedulesView.swift in Sources */ = {isa = PBXBuildFile; fileRef = SV02 /* SchedulesView.swift */; };
		FB01 /* FeedbackCategory.swift in Sources */ = {isa = PBXBuildFile; fileRef = FB02 /* FeedbackCategory.swift */; };
		FB03 /* FeedbackManager.swift in Sources */ = {isa = PBXBuildFile; fileRef = FB04 /* FeedbackManager.swift */; };
		FB05 /* FeedbackView.swift in Sources */ = {isa = PBXBuildFile; fileRef = FB06 /* FeedbackView.swift */; };
/* End PBXBuildFile section */

/* Begin PBXContainerItemProxy section */
		3E90BEDC6EE6C3E2904A4FE8 /* PBXContainerItemProxy */ = {
			isa = PBXContainerItemProxy;
			containerPortal = 40 /* Project object */;
			proxyType = 1;
			remoteGlobalIDString = 30;
			remoteInfo = CloudSyncApp;
		};
		625766504D8E451C7F798705 /* PBXContainerItemProxy */ = {
			isa = PBXContainerItemProxy;
			containerPortal = 40 /* Project object */;
			proxyType = 1;
			remoteGlobalIDString = 30;
			remoteInfo = CloudSyncApp;
		};
/* End PBXContainerItemProxy section */

/* Begin PBXFileReference section */
		00674214001C9A1082D1207D /* AccountNameTests.swift */ = {isa = PBXFileReference; includeInIndex = 1; lastKnownFileType = sourcecode.swift; path = CloudSyncAppTests/AccountNameTests.swift; sourceTree = SOURCE_ROOT; };
		00BB5A4E18C711CB95D5AE9B /* CloudSyncAppTests.xctest */ = {isa = PBXFileReference; explicitFileType = wrapper.cfbundle; includeInIndex = 0; path = CloudSyncAppTests.xctest; sourceTree = BUILT_PRODUCTS_DIR; };
		00FE89E5D3B69FEA0EBEF0CF /* TransferOptimizer.swift */ = {isa = PBXFileReference; includeInIndex = 1; lastKnownFileType = sourcecode.swift; path = TransferOptimizer.swift; sourceTree = "<group>"; };
		02 /* CloudSyncAppApp.swift */ = {isa = PBXFileReference; lastKnownFileType = sourcecode.swift; path = CloudSyncAppApp.swift; sourceTree = "<group>"; };
		04 /* ContentView.swift */ = {isa = PBXFileReference; lastKnownFileType = sourcecode.swift; path = ContentView.swift; sourceTree = "<group>"; };
		055C30C36D0BCF261C5C27FA /* ProtonDriveSetupView.swift */ = {isa = PBXFileReference; lastKnownFileType = sourcecode.swift; name = ProtonDriveSetupView.swift; path = CloudSyncApp/Views/ProtonDriveSetupView.swift; sourceTree = SOURCE_ROOT; };
		06 /* RcloneManager.swift */ = {isa = PBXFileReference; lastKnownFileType = sourcecode.swift; path = RcloneManager.swift; sourceTree = "<group>"; };
		06D003539E2443AABD37FE21 /* CrashReport.swift */ = {isa = PBXFileReference; includeInIndex = 1; lastKnownFileType = sourcecode.swift; path = CrashReport.swift; sourceTree = "<group>"; };
		078683D70523A8FC2A01093F /* TransferPreview.swift */ = {isa = PBXFileReference; includeInIndex = 1; lastKnownFileType = sourcecode.swift; path = TransferPreview.swift; sourceTree = "<group>"; };
		08 /* SyncManager.swift */ = {isa = PBXFileReference; lastKnownFileType = sourcecode.swift; path = SyncManager.swift; sourceTree = "<group>"; };
		10 /* StatusBarController.swift */ = {isa = PBXFileReference; lastKnownFileType = sourcecode.swift; path = StatusBarController.swift; sourceTree = "<group>"; };
		10DDF97872B748A09114E13B /* ProviderConnectionWizardView.swift */ = {isa = PBXFileReference; lastKnownFileType = sourcecode.swift; path = CloudSyncApp/Views/Wizards/ProviderConnectionWizard/ProviderConnectionWizardView.swift; sourceTree = SOURCE_ROOT; };
		12 /* SettingsView.swift */ = {isa = PBXFileReference; lastKnownFileType = sourcecode.swift; path = SettingsView.swift; sourceTree = "<group>"; };
		1243CB7CF07E4EA6845D7C47 /* SuccessStep.swift */ = {isa = PBXFileReference; lastKnownFileType = sourcecode.swift; path = CloudSyncApp/Views/Wizards/ProviderConnectionWizard/Steps/SuccessStep.swift; sourceTree = SOURCE_ROOT; };
		14 /* Assets.xcassets */ = {isa = PBXFileReference; lastKnownFileType = folder.assetcatalog; path = Assets.xcassets; sourceTree = "<group>"; };
		15 /* CloudSyncApp.app */ = {isa = PBXFileReference; explicitFileType = wrapper.application; includeInIndex = 0; path = CloudSyncApp.app; sourceTree = BUILT_PRODUCTS_DIR; };
		16 /* Info.plist */ = {isa = PBXFileReference; lastKnownFileType = text.plist.xml; path = Info.plist; sourceTree = "<group>"; };
		18 /* CloudSyncApp.entitlements */ = {isa = PBXFileReference; lastKnownFileType = text.plist.entitlements; path = CloudSyncApp.entitlements; sourceTree = "<group>"; };
		1947B9C996D3BC4E388965B7 /* OnboardingViewModel.swift */ = {isa = PBXFileReference; lastKnownFileType = sourcecode.swift; name = OnboardingViewModel.swift; path = CloudSyncApp/ViewModels/OnboardingViewModel.swift; sourceTree = SOURCE_ROOT; };
		20 /* EncryptionManager.swift */ = {isa = PBXFileReference; lastKnownFileType = sourcecode.swift; path = EncryptionManager.swift; sourceTree = "<group>"; };
		2481327360564A278C68EC9D /* WizardView.swift */ = {isa = PBXFileReference; lastKnownFileType = sourcecode.swift; path = CloudSyncApp/Views/Wizards/WizardView.swift; sourceTree = SOURCE_ROOT; };
		26DB2CF33F725AD280A7EEE5 /* TransferErrorTests.swift */ = {isa = PBXFileReference; includeInIndex = 1; lastKnownFileType = sourcecode.swift; path = CloudSyncAppTests/TransferErrorTests.swift; sourceTree = SOURCE_ROOT; };
		29FCF855FFAADD6680076AD2 /* CloudSyncAppUITests.swift */ = {isa = PBXFileReference; lastKnownFileType = sourcecode.swift; path = CloudSyncAppUITests.swift; sourceTree = "<group>"; };
		2A48BBE0B7CF92DB356AB1FB /* WorkflowUITests.swift */ = {isa = PBXFileReference; lastKnownFileType = sourcecode.swift; path = WorkflowUITests.swift; sourceTree = "<group>"; };
		363AFE7F6CFC5D23D651F1BC /* PerformanceProfileTests.swift */ = {isa = PBXFileReference; includeInIndex = 1; lastKnownFileType = sourcecode.swift; path = PerformanceProfileTests.swift; sourceTree = "<group>"; };
		3897FF2136C42413E2F8A10B /* JottacloudAuthenticationTests.swift */ = {isa = PBXFileReference; includeInIndex = 1; lastKnownFileType = sourcecode.swift; path = CloudSyncAppTests/JottacloudAuthenticationTests.swift; sourceTree = SOURCE_ROOT; };
		3DA97DEA46D79CCD30FA0278 /* CloudSyncUltraIntegrationTests.swift */ = {isa = PBXFileReference; includeInIndex = 1; lastKnownFileType = sourcecode.swift; path = CloudSyncAppTests/CloudSyncUltraIntegrationTests.swift; sourceTree = SOURCE_ROOT; };
		3EA943E5A37C52E2869C48D0 /* ProtonDriveManager.swift */ = {isa = PBXFileReference; lastKnownFileType = sourcecode.swift; name = ProtonDriveManager.swift; path = CloudSyncApp/ProtonDriveManager.swift; sourceTree = SOURCE_ROOT; };
		4067D568C3D17631CE8DF789 /* QuickActionsView.swift */ = {isa = PBXFileReference; includeInIndex = 1; lastKnownFileType = sourcecode.swift; path = QuickActionsView.swift; sourceTree = "<group>"; };
		43097CB31FE0746630E17F49 /* AuthRateLimiter.swift */ = {isa = PBXFileReference; includeInIndex = 1; lastKnownFileType = sourcecode.swift; path = AuthRateLimiter.swift; sourceTree = "<group>"; };
		44288236563EB1F0789C060E /* ChunkSizeTests.swift */ = {isa = PBXFileReference; includeInIndex = 1; lastKnownFileType = sourcecode.swift; path = ChunkSizeTests.swift; sourceTree = "<group>"; };
		458E4CA3A6E61071EE941591 /* ScheduleManager.swift */ = {isa = PBXFileReference; lastKnownFileType = sourcecode.swift; name = ScheduleManager.swift; path = CloudSyncApp/ScheduleManager.swift; sourceTree = SOURCE_ROOT; };
		49FC495CA79185DB2B79982D /* Logger+Extensions.swift */ = {isa = PBXFileReference; lastKnownFileType = sourcecode.swift; name = "Logger+Extensions.swift"; path = "CloudSyncApp/Logger+Extensions.swift"; sourceTree = SOURCE_ROOT; };
		4CDAF6B5FA7CE2AED5D0118E /* ScheduleManagerTests.swift */ = {isa = PBXFileReference; includeInIndex = 1; lastKnownFileType = sourcecode.swift; path = CloudSyncAppTests/ScheduleManagerTests.swift; sourceTree = SOURCE_ROOT; };
		4DAF33D2D05D2C43F610E397 /* KeychainManagerTests.swift */ = {isa = PBXFileReference; includeInIndex = 1; lastKnownFileType = sourcecode.swift; path = CloudSyncAppTests/KeychainManagerTests.swift; sourceTree = SOURCE_ROOT; };
		4FB6A056898C5413DB9FC0C7 /* StoreKitManager.swift */ = {isa = PBXFileReference; includeInIndex = 1; lastKnownFileType = sourcecode.swift; name = StoreKitManager.swift; path = CloudSyncApp/Managers/StoreKitManager.swift; sourceTree = SOURCE_ROOT; };
		4FDF9B64CA91B6A75B7BD1BD /* TransferPreviewTests.swift */ = {isa = PBXFileReference; includeInIndex = 1; lastKnownFileType = sourcecode.swift; path = TransferPreviewTests.swift; sourceTree = "<group>"; };
		5106C877AA4817D4F7C064FC /* RemoteReorderingTests.swift */ = {isa = PBXFileReference; includeInIndex = 1; lastKnownFileType = sourcecode.swift; path = CloudSyncAppTests/RemoteReorderingTests.swift; sourceTree = SOURCE_ROOT; };
		510FB6414EA9DC91737151EE /* FileBrowserUITests.swift */ = {isa = PBXFileReference; lastKnownFileType = sourcecode.swift; path = FileBrowserUITests.swift; sourceTree = "<group>"; };
		5750EAC63CBC8D0EBA85D075 /* PaywallView.swift */ = {isa = PBXFileReference; includeInIndex = 1; lastKnownFileType = sourcecode.swift; name = PaywallView.swift; path = CloudSyncApp/Views/PaywallView.swift; sourceTree = SOURCE_ROOT; };
		59D49B2D17312CF790988F9C /* SecurityManager.swift */ = {isa = PBXFileReference; includeInIndex = 1; lastKnownFileType = sourcecode.swift; name = SecurityManager.swift; path = CloudSyncApp/SecurityManager.swift; sourceTree = SOURCE_ROOT; };
		5AFE5ABA9470475042E35F1B /* PerformanceProfile.swift */ = {isa = PBXFileReference; includeInIndex = 1; lastKnownFileType = sourcecode.swift; path = PerformanceProfile.swift; sourceTree = "<group>"; };
		660A2D60774D78D930803712 /* DashboardUITests.swift */ = {isa = PBXFileReference; lastKnownFileType = sourcecode.swift; path = DashboardUITests.swift; sourceTree = "<group>"; };
		6739C5807A749256A49248B5 /* CloudSyncAppTests.xctest */ = {isa = PBXFileReference; explicitFileType = wrapper.cfbundle; includeInIndex = 0; path = CloudSyncAppTests.xctest; sourceTree = BUILT_PRODUCTS_DIR; };
		676F55F5D2D0390999318696 /* TasksUITests.swift */ = {isa = PBXFileReference; lastKnownFileType = sourcecode.swift; path = TasksUITests.swift; sourceTree = "<group>"; };
		6DDA27334D60713D882DB6B0 /* WelcomeStepView.swift */ = {isa = PBXFileReference; lastKnownFileType = sourcecode.swift; name = WelcomeStepView.swift; path = CloudSyncApp/Views/Onboarding/WelcomeStepView.swift; sourceTree = SOURCE_ROOT; };
		6F5E48E7AEC7D5E407F501B9 /* CloudSyncErrors.swift */ = {isa = PBXFileReference; lastKnownFileType = sourcecode.swift; name = CloudSyncErrors.swift; path = CloudSyncApp/CloudSyncErrors.swift; sourceTree = SOURCE_ROOT; };
		6FDD46B253F69871C55FAE99 /* TransferViewStateTests.swift */ = {isa = PBXFileReference; includeInIndex = 1; lastKnownFileType = sourcecode.swift; path = CloudSyncAppTests/TransferViewStateTests.swift; sourceTree = SOURCE_ROOT; };
		7114CE2ED36FBC45B7DA3621 /* Cocoa.framework */ = {isa = PBXFileReference; lastKnownFileType = wrapper.framework; name = Cocoa.framework; path = Platforms/MacOSX.platform/Developer/SDKs/MacOSX15.0.sdk/System/Library/Frameworks/Cocoa.framework; sourceTree = DEVELOPER_DIR; };
		75FBCB0B8634CE3A3883222C /* SidebarOrderTests.swift */ = {isa = PBXFileReference; includeInIndex = 1; lastKnownFileType = sourcecode.swift; path = CloudSyncAppTests/SidebarOrderTests.swift; sourceTree = SOURCE_ROOT; };
		778B4EFD43A54985A2E5C824 /* WizardProgressView.swift */ = {isa = PBXFileReference; lastKnownFileType = sourcecode.swift; path = CloudSyncApp/Views/Wizards/WizardProgressView.swift; sourceTree = SOURCE_ROOT; };
		7C885DE1600F31A933247FA5 /* BandwidthThrottlingUITests.swift */ = {isa = PBXFileReference; includeInIndex = 1; lastKnownFileType = sourcecode.swift; path = CloudSyncAppTests/BandwidthThrottlingUITests.swift; sourceTree = SOURCE_ROOT; };
		7C9ED024095B67FD449DAD9D /* SyncManagerTests.swift */ = {isa = PBXFileReference; includeInIndex = 1; lastKnownFileType = sourcecode.swift; path = CloudSyncAppTests/SyncManagerTests.swift; sourceTree = SOURCE_ROOT; };
		7E62C7A70FE07F84F99CBBB6 /* TimeFormattingTests.swift */ = {isa = PBXFileReference; includeInIndex = 1; lastKnownFileType = sourcecode.swift; path = CloudSyncAppTests/TimeFormattingTests.swift; sourceTree = SOURCE_ROOT; };
		83C74F79C5EE9676CAE67930 /* CrashReportingManager.swift */ = {isa = PBXFileReference; includeInIndex = 1; lastKnownFileType = sourcecode.swift; path = CrashReportingManager.swift; sourceTree = "<group>"; };
		83ED492C8829FC2B8ACC2FBB /* ScheduleSettingsView.swift */ = {isa = PBXFileReference; lastKnownFileType = sourcecode.swift; name = ScheduleSettingsView.swift; path = CloudSyncApp/Views/ScheduleSettingsView.swift; sourceTree = SOURCE_ROOT; };
		84316305CEA5BCD30DFFB7BC /* HelpTopic.swift */ = {isa = PBXFileReference; lastKnownFileType = sourcecode.swift; name = HelpTopic.swift; path = CloudSyncApp/Models/HelpTopic.swift; sourceTree = SOURCE_ROOT; };
		844390DA36AC4C9995E69DDE /* ChooseProviderStep.swift */ = {isa = PBXFileReference; lastKnownFileType = sourcecode.swift; path = CloudSyncApp/Views/Wizards/ProviderConnectionWizard/Steps/ChooseProviderStep.swift; sourceTree = SOURCE_ROOT; };
		874E321597BF2B2982570A05 /* MenuBarScheduleTests.swift */ = {isa = PBXFileReference; includeInIndex = 1; lastKnownFileType = sourcecode.swift; path = CloudSyncAppTests/MenuBarScheduleTests.swift; sourceTree = SOURCE_ROOT; };
		8787F26DDBDE93A2675DDA33 /* SubscriptionView.swift */ = {isa = PBXFileReference; includeInIndex = 1; lastKnownFileType = sourcecode.swift; name = SubscriptionView.swift; path = CloudSyncApp/Views/SubscriptionView.swift; sourceTree = SOURCE_ROOT; };
		8E993DCCAE5027CC85D02A70 /* SecureString.swift */ = {isa = PBXFileReference; includeInIndex = 1; lastKnownFileType = sourcecode.swift; path = SecureString.swift; sourceTree = "<group>"; };
		913A773063349BA1D4C769F8 /* TransferViewUITests.swift */ = {isa = PBXFileReference; lastKnownFileType = sourcecode.swift; path = TransferViewUITests.swift; sourceTree = "<group>"; };
		94A865AA92D3853E31E7C05D /* PerformanceSettingsView.swift */ = {isa = PBXFileReference; includeInIndex = 1; lastKnownFileType = sourcecode.swift; path = PerformanceSettingsView.swift; sourceTree = "<group>"; };
		990D0F70CC76B66CE3B45B4E /* Phase1Week3ProvidersTests.swift */ = {isa = PBXFileReference; includeInIndex = 1; lastKnownFileType = sourcecode.swift; path = CloudSyncAppTests/Phase1Week3ProvidersTests.swift; sourceTree = SOURCE_ROOT; };
		9C8187EBA15FB8E1E9AF2508 /* SyncManagerPhase2Tests.swift */ = {isa = PBXFileReference; includeInIndex = 1; lastKnownFileType = sourcecode.swift; path = CloudSyncAppTests/SyncManagerPhase2Tests.swift; sourceTree = SOURCE_ROOT; };
		9D9DEA3C203CF6EE7F9C00D8 /* OnboardingView.swift */ = {isa = PBXFileReference; lastKnownFileType = sourcecode.swift; name = OnboardingView.swift; path = CloudSyncApp/Views/Onboarding/OnboardingView.swift; sourceTree = SOURCE_ROOT; };
		9DCDC5D0F7F267A4299B7A34 /* RcloneManagerErrorTests.swift */ = {isa = PBXFileReference; includeInIndex = 1; lastKnownFileType = sourcecode.swift; path = CloudSyncAppTests/RcloneManagerErrorTests.swift; sourceTree = SOURCE_ROOT; };
		9E8DABB2B86630B83F6834B3 /* RemotesViewModelTests.swift */ = {isa = PBXFileReference; includeInIndex = 1; lastKnownFileType = sourcecode.swift; path = CloudSyncAppTests/RemotesViewModelTests.swift; sourceTree = SOURCE_ROOT; };
		A2 /* CloudProvider.swift */ = {isa = PBXFileReference; lastKnownFileType = sourcecode.swift; path = CloudProvider.swift; sourceTree = "<group>"; };
		A4 /* SyncTask.swift */ = {isa = PBXFileReference; lastKnownFileType = sourcecode.swift; path = SyncTask.swift; sourceTree = "<group>"; };
		A4FBA4CD745F10F3CCD929EE /* HelpSystemTests.swift */ = {isa = PBXFileReference; includeInIndex = 1; lastKnownFileType = sourcecode.swift; path = CloudSyncAppTests/HelpSystemTests.swift; sourceTree = SOURCE_ROOT; };
		A79142E2AF96EBA935916A2E /* SyncSchedule.swift */ = {isa = PBXFileReference; lastKnownFileType = sourcecode.swift; name = SyncSchedule.swift; path = CloudSyncApp/Models/SyncSchedule.swift; sourceTree = SOURCE_ROOT; };
		A8 /* RemotesViewModel.swift */ = {isa = PBXFileReference; lastKnownFileType = sourcecode.swift; path = RemotesViewModel.swift; sourceTree = "<group>"; };
		AA /* TasksViewModel.swift */ = {isa = PBXFileReference; lastKnownFileType = sourcecode.swift; path = TasksViewModel.swift; sourceTree = "<group>"; };
		AA8C7CCAC4914E5A58E0B9D0 /* MultiThreadDownloadTests.swift */ = {isa = PBXFileReference; includeInIndex = 1; lastKnownFileType = sourcecode.swift; path = CloudSyncAppTests/MultiThreadDownloadTests.swift; sourceTree = SOURCE_ROOT; };
		AC /* FileBrowserViewModel.swift */ = {isa = PBXFileReference; lastKnownFileType = sourcecode.swift; path = FileBrowserViewModel.swift; sourceTree = "<group>"; };
		AC65A10946A6CD735FA94D79 /* AppTheme+ProviderColors.swift */ = {isa = PBXFileReference; includeInIndex = 1; lastKnownFileType = sourcecode.swift; name = "AppTheme+ProviderColors.swift"; path = "CloudSyncApp/Styles/AppTheme+ProviderColors.swift"; sourceTree = SOURCE_ROOT; };
		ADD02 /* AddProviderStepView.swift */ = {isa = PBXFileReference; lastKnownFileType = sourcecode.swift; name = AddProviderStepView.swift; path = CloudSyncApp/Views/Onboarding/AddProviderStepView.swift; sourceTree = SOURCE_ROOT; };
		AE /* MainWindow.swift */ = {isa = PBXFileReference; lastKnownFileType = sourcecode.swift; path = MainWindow.swift; sourceTree = "<group>"; };
		AE192B5F342B4885B96112D0 /* TestConnectionStep.swift */ = {isa = PBXFileReference; lastKnownFileType = sourcecode.swift; path = CloudSyncApp/Views/Wizards/ProviderConnectionWizard/Steps/TestConnectionStep.swift; sourceTree = SOURCE_ROOT; };
		AE598E5C958E81790046D8C1 /* CloudProviderTests.swift */ = {isa = PBXFileReference; includeInIndex = 1; lastKnownFileType = sourcecode.swift; path = CloudSyncAppTests/CloudProviderTests.swift; sourceTree = SOURCE_ROOT; };
		AF8EE54CC73F706C74ADE027 /* CrashReportViewer.swift */ = {isa = PBXFileReference; includeInIndex = 1; lastKnownFileType = sourcecode.swift; path = CrashReportViewer.swift; sourceTree = "<group>"; };
		AFEC4CFC95280DF06508D2DC /* ScheduleRowView.swift */ = {isa = PBXFileReference; lastKnownFileType = sourcecode.swift; name = ScheduleRowView.swift; path = CloudSyncApp/Views/ScheduleRowView.swift; sourceTree = SOURCE_ROOT; };
		B0 /* DashboardView.swift */ = {isa = PBXFileReference; lastKnownFileType = sourcecode.swift; path = DashboardView.swift; sourceTree = "<group>"; };
		B11DA4CAA0CBE2C9F2F5FFA6 /* AddRemoteViewTests.swift */ = {isa = PBXFileReference; includeInIndex = 1; lastKnownFileType = sourcecode.swift; path = CloudSyncAppTests/AddRemoteViewTests.swift; sourceTree = SOURCE_ROOT; };
		B2 /* TransferView.swift */ = {isa = PBXFileReference; lastKnownFileType = sourcecode.swift; path = TransferView.swift; sourceTree = "<group>"; };
		B23CA2230D58EBE239230765 /* FileItemTests.swift */ = {isa = PBXFileReference; includeInIndex = 1; lastKnownFileType = sourcecode.swift; path = CloudSyncAppTests/FileItemTests.swift; sourceTree = SOURCE_ROOT; };
		B37C41589EAD874DD98D07E4 /* EncryptionModal.swift */ = {isa = PBXFileReference; lastKnownFileType = sourcecode.swift; name = EncryptionModal.swift; path = CloudSyncApp/Views/EncryptionModal.swift; sourceTree = SOURCE_ROOT; };
		B4 /* TasksView.swift */ = {isa = PBXFileReference; lastKnownFileType = sourcecode.swift; path = TasksView.swift; sourceTree = "<group>"; };
		B455BD415BDDCF311808B5CE /* SubscriptionTier.swift */ = {isa = PBXFileReference; includeInIndex = 1; lastKnownFileType = sourcecode.swift; name = SubscriptionTier.swift; path = CloudSyncApp/Models/SubscriptionTier.swift; sourceTree = SOURCE_ROOT; };
		B4E28ECC94854AD89AD4AB94 /* ConfigureSettingsStep.swift */ = {isa = PBXFileReference; lastKnownFileType = sourcecode.swift; path = CloudSyncApp/Views/Wizards/ProviderConnectionWizard/Steps/ConfigureSettingsStep.swift; sourceTree = SOURCE_ROOT; };
		B6 /* HistoryView.swift */ = {isa = PBXFileReference; lastKnownFileType = sourcecode.swift; path = HistoryView.swift; sourceTree = "<group>"; };
		B75BED8A2C3C627246D97ADB /* EncryptionManagerTests.swift */ = {isa = PBXFileReference; includeInIndex = 1; lastKnownFileType = sourcecode.swift; path = CloudSyncAppTests/EncryptionManagerTests.swift; sourceTree = SOURCE_ROOT; };
		B8 /* FileBrowserView.swift */ = {isa = PBXFileReference; lastKnownFileType = sourcecode.swift; path = FileBrowserView.swift; sourceTree = "<group>"; };
		BDE78D2F7E6BFB80FDE643BB /* SyncScheduleTests.swift */ = {isa = PBXFileReference; includeInIndex = 1; lastKnownFileType = sourcecode.swift; path = CloudSyncAppTests/SyncScheduleTests.swift; sourceTree = SOURCE_ROOT; };
		C4194F8B8D6C8FBB1644D705 /* ScheduleEditorSheet.swift */ = {isa = PBXFileReference; lastKnownFileType = sourcecode.swift; name = ScheduleEditorSheet.swift; path = CloudSyncApp/Views/ScheduleEditorSheet.swift; sourceTree = SOURCE_ROOT; };
		C57298D30CEEFA6B8FCE7AB3 /* OAuthExpansionProvidersTests.swift */ = {isa = PBXFileReference; includeInIndex = 1; lastKnownFileType = sourcecode.swift; path = CloudSyncAppTests/OAuthExpansionProvidersTests.swift; sourceTree = SOURCE_ROOT; };
		C7640A97C61011358757E1FB /* TransferOptimizerTests.swift */ = {isa = PBXFileReference; includeInIndex = 1; lastKnownFileType = sourcecode.swift; path = CloudSyncAppTests/TransferOptimizerTests.swift; sourceTree = SOURCE_ROOT; };
		C7DA7F1856757AB4C4C72C7A /* ErrorNotificationManagerTests.swift */ = {isa = PBXFileReference; includeInIndex = 1; lastKnownFileType = sourcecode.swift; path = CloudSyncAppTests/ErrorNotificationManagerTests.swift; sourceTree = SOURCE_ROOT; };
		C7DCC18765B1FACCAA965FF5 /* SyncTaskTests.swift */ = {isa = PBXFileReference; includeInIndex = 1; lastKnownFileType = sourcecode.swift; path = CloudSyncAppTests/SyncTaskTests.swift; sourceTree = SOURCE_ROOT; };
		C9D6692B80F0AAC744308A41 /* SettingsUITests.swift */ = {isa = PBXFileReference; lastKnownFileType = sourcecode.swift; path = SettingsUITests.swift; sourceTree = "<group>"; };
		CB0886CF56CD5228242B90F9 /* CloudSyncAppTests.xctest */ = {isa = PBXFileReference; explicitFileType = wrapper.cfbundle; includeInIndex = 0; path = CloudSyncAppTests.xctest; sourceTree = BUILT_PRODUCTS_DIR; };
		CMP02 /* CompletionStepView.swift */ = {isa = PBXFileReference; lastKnownFileType = sourcecode.swift; name = CompletionStepView.swift; path = CloudSyncApp/Views/Onboarding/CompletionStepView.swift; sourceTree = SOURCE_ROOT; };
		D2D2881ED8DA0ABD6E7BFC23 /* ScheduleFrequencyTests.swift */ = {isa = PBXFileReference; includeInIndex = 1; lastKnownFileType = sourcecode.swift; path = CloudSyncAppTests/ScheduleFrequencyTests.swift; sourceTree = SOURCE_ROOT; };
		D506FF630286532822C2F401 /* ProviderIconView.swift */ = {isa = PBXFileReference; includeInIndex = 1; lastKnownFileType = sourcecode.swift; path = ProviderIconView.swift; sourceTree = "<group>"; };
		D63BCA8D8C177E469BF4667C /* JottacloudProviderTests.swift */ = {isa = PBXFileReference; includeInIndex = 1; lastKnownFileType = sourcecode.swift; path = CloudSyncAppTests/JottacloudProviderTests.swift; sourceTree = SOURCE_ROOT; };
		DCC849189CAEEFB49851CF23 /* Components.swift */ = {isa = PBXFileReference; lastKnownFileType = sourcecode.swift; name = Components.swift; path = CloudSyncApp/Components/Components.swift; sourceTree = SOURCE_ROOT; };
		E19E4FEDBCB418DE1806942D /* MainWindowIntegrationTests.swift */ = {isa = PBXFileReference; includeInIndex = 1; lastKnownFileType = sourcecode.swift; path = CloudSyncAppTests/MainWindowIntegrationTests.swift; sourceTree = SOURCE_ROOT; };
		E47CD27C2F163702001E64FC /* TransferError.swift */ = {isa = PBXFileReference; lastKnownFileType = sourcecode.swift; path = TransferError.swift; sourceTree = "<group>"; };
		E47CD27E2F17EB37001E64FC /* NotificationManager.swift */ = {isa = PBXFileReference; lastKnownFileType = sourcecode.swift; path = NotificationManager.swift; sourceTree = "<group>"; };
		E47CD2842F17ED03001E64FC /* AppTheme.swift */ = {isa = PBXFileReference; lastKnownFileType = sourcecode.swift; name = AppTheme.swift; path = Styles/AppTheme.swift; sourceTree = "<group>"; };
		E47CD2852F17ED03001E64FC /* ButtonStyles.swift */ = {isa = PBXFileReference; lastKnownFileType = sourcecode.swift; name = ButtonStyles.swift; path = Styles/ButtonStyles.swift; sourceTree = "<group>"; };
		E47CD2862F17ED03001E64FC /* CardStyles.swift */ = {isa = PBXFileReference; lastKnownFileType = sourcecode.swift; name = CardStyles.swift; path = Styles/CardStyles.swift; sourceTree = "<group>"; };
		E73474A03B74243C017C410E /* BandwidthThrottlingTests.swift */ = {isa = PBXFileReference; includeInIndex = 1; lastKnownFileType = sourcecode.swift; path = CloudSyncAppTests/BandwidthThrottlingTests.swift; sourceTree = SOURCE_ROOT; };
		E7900A9FE676AF733C72749E /* Phase1Week2ProvidersTests.swift */ = {isa = PBXFileReference; includeInIndex = 1; lastKnownFileType = sourcecode.swift; path = CloudSyncAppTests/Phase1Week2ProvidersTests.swift; sourceTree = SOURCE_ROOT; };
		E891BD41D0F5C60D16DDE132 /* CloudSyncAppUITests.xctest */ = {isa = PBXFileReference; explicitFileType = wrapper.cfbundle; includeInIndex = 0; path = CloudSyncAppUITests.xctest; sourceTree = BUILT_PRODUCTS_DIR; };
		ECFF45298AC401F4D2887258 /* KeychainManager.swift */ = {isa = PBXFileReference; lastKnownFileType = sourcecode.swift; name = KeychainManager.swift; path = CloudSyncApp/KeychainManager.swift; sourceTree = SOURCE_ROOT; };
		EEAAD6BF7230D609CD93447E /* HelpCategory.swift */ = {isa = PBXFileReference; lastKnownFileType = sourcecode.swift; name = HelpCategory.swift; path = CloudSyncApp/Models/HelpCategory.swift; sourceTree = SOURCE_ROOT; };
		EF64D6804F2A00547C7B4675 /* CloudSyncAppTests.xctest */ = {isa = PBXFileReference; explicitFileType = wrapper.cfbundle; includeInIndex = 0; path = CloudSyncAppTests.xctest; sourceTree = BUILT_PRODUCTS_DIR; };
		F4547BACA8D0CFB390C1E064 /* Phase1Week1ProvidersTests.swift */ = {isa = PBXFileReference; includeInIndex = 1; lastKnownFileType = sourcecode.swift; path = CloudSyncAppTests/Phase1Week1ProvidersTests.swift; sourceTree = SOURCE_ROOT; };
		F558D6C3377DEC3C817F705C /* HelpManager.swift */ = {isa = PBXFileReference; lastKnownFileType = sourcecode.swift; name = HelpManager.swift; path = CloudSyncApp/HelpManager.swift; sourceTree = SOURCE_ROOT; };
		FB6D4BA40F093273E2CEC341 /* OnboardingViewModelTests.swift */ = {isa = PBXFileReference; includeInIndex = 1; lastKnownFileType = sourcecode.swift; path = CloudSyncAppTests/OnboardingViewModelTests.swift; sourceTree = SOURCE_ROOT; };
		FSS02 /* FirstSyncStepView.swift */ = {isa = PBXFileReference; lastKnownFileType = sourcecode.swift; name = FirstSyncStepView.swift; path = CloudSyncApp/Views/Onboarding/FirstSyncStepView.swift; sourceTree = SOURCE_ROOT; };
		SCHED101 /* ScheduleWizardView.swift */ = {isa = PBXFileReference; lastKnownFileType = sourcecode.swift; path = CloudSyncApp/Views/Wizards/ScheduleWizard/ScheduleWizardView.swift; sourceTree = SOURCE_ROOT; };
		SCHED102 /* SelectRemotesStep.swift */ = {isa = PBXFileReference; lastKnownFileType = sourcecode.swift; path = CloudSyncApp/Views/Wizards/ScheduleWizard/Steps/SelectRemotesStep.swift; sourceTree = SOURCE_ROOT; };
		SCHED103 /* ConfigureScheduleStep.swift */ = {isa = PBXFileReference; lastKnownFileType = sourcecode.swift; path = CloudSyncApp/Views/Wizards/ScheduleWizard/Steps/ConfigureScheduleStep.swift; sourceTree = SOURCE_ROOT; };
		SCHED104 /* ScheduleReviewStep.swift */ = {isa = PBXFileReference; lastKnownFileType = sourcecode.swift; path = CloudSyncApp/Views/Wizards/ScheduleWizard/Steps/ScheduleReviewStep.swift; sourceTree = SOURCE_ROOT; };
		TRANS101 /* TransferWizardView.swift */ = {isa = PBXFileReference; lastKnownFileType = sourcecode.swift; path = CloudSyncApp/Views/Wizards/TransferWizard/TransferWizardView.swift; sourceTree = SOURCE_ROOT; };
		TRANS102 /* TransferSourceStep.swift */ = {isa = PBXFileReference; lastKnownFileType = sourcecode.swift; path = CloudSyncApp/Views/Wizards/TransferWizard/Steps/TransferSourceStep.swift; sourceTree = SOURCE_ROOT; };
		TRANS103 /* TransferDestinationStep.swift */ = {isa = PBXFileReference; lastKnownFileType = sourcecode.swift; path = CloudSyncApp/Views/Wizards/TransferWizard/Steps/TransferDestinationStep.swift; sourceTree = SOURCE_ROOT; };
		TRANS104 /* TransferOptionsStep.swift */ = {isa = PBXFileReference; lastKnownFileType = sourcecode.swift; path = CloudSyncApp/Views/Wizards/TransferWizard/Steps/TransferOptionsStep.swift; sourceTree = SOURCE_ROOT; };
		TRANS105 /* TransferReviewStep.swift */ = {isa = PBXFileReference; lastKnownFileType = sourcecode.swift; path = CloudSyncApp/Views/Wizards/TransferWizard/Steps/TransferReviewStep.swift; sourceTree = SOURCE_ROOT; };
		SV02 /* SchedulesView.swift */ = {isa = PBXFileReference; lastKnownFileType = sourcecode.swift; name = SchedulesView.swift; path = CloudSyncApp/Views/SchedulesView.swift; sourceTree = SOURCE_ROOT; };
		FB02 /* FeedbackCategory.swift */ = {isa = PBXFileReference; lastKnownFileType = sourcecode.swift; name = FeedbackCategory.swift; path = CloudSyncApp/Models/FeedbackCategory.swift; sourceTree = SOURCE_ROOT; };
		FB04 /* FeedbackManager.swift */ = {isa = PBXFileReference; lastKnownFileType = sourcecode.swift; name = FeedbackManager.swift; path = CloudSyncApp/FeedbackManager.swift; sourceTree = SOURCE_ROOT; };
		FB06 /* FeedbackView.swift */ = {isa = PBXFileReference; lastKnownFileType = sourcecode.swift; name = FeedbackView.swift; path = CloudSyncApp/Views/FeedbackView.swift; sourceTree = SOURCE_ROOT; };
/* End PBXFileReference section */

/* Begin PBXFrameworksBuildPhase section */
		77983C6DB0A84EB5DD9D5ABA /* Frameworks */ = {
			isa = PBXFrameworksBuildPhase;
			buildActionMask = 2147483647;
			files = (
			);
			runOnlyForDeploymentPostprocessing = 0;
		};
		C7B3CA9DFB78D4FAB2255DC4 /* Frameworks */ = {
			isa = PBXFrameworksBuildPhase;
			buildActionMask = 2147483647;
			files = (
				0E94260E87450DA03C71AC99 /* Cocoa.framework in Frameworks */,
			);
			runOnlyForDeploymentPostprocessing = 0;
		};
/* End PBXFrameworksBuildPhase section */

/* Begin PBXGroup section */
		0AEBE8ADAA923BC2FFC65123 /* Onboarding */ = {
			isa = PBXGroup;
			children = (
				9D9DEA3C203CF6EE7F9C00D8 /* OnboardingView.swift */,
				6DDA27334D60713D882DB6B0 /* WelcomeStepView.swift */,
				ADD02 /* AddProviderStepView.swift */,
				FSS02 /* FirstSyncStepView.swift */,
				CMP02 /* CompletionStepView.swift */,
			);
			path = Onboarding;
			sourceTree = "<group>";
		};
		17CE977B1A059C572FBF9159 /* Frameworks */ = {
			isa = PBXGroup;
			children = (
				A97945F5393C2EEFA53D8CDD /* OS X */,
			);
			name = Frameworks;
			sourceTree = "<group>";
		};
		1BFB43019B5CF02DA3491D14 /* CloudSyncAppTests */ = {
			isa = PBXGroup;
			children = (
				26DB2CF33F725AD280A7EEE5 /* TransferErrorTests.swift */,
				75FBCB0B8634CE3A3883222C /* SidebarOrderTests.swift */,
				874E321597BF2B2982570A05 /* MenuBarScheduleTests.swift */,
				AE598E5C958E81790046D8C1 /* CloudProviderTests.swift */,
				7E62C7A70FE07F84F99CBBB6 /* TimeFormattingTests.swift */,
				9C8187EBA15FB8E1E9AF2508 /* SyncManagerPhase2Tests.swift */,
				B75BED8A2C3C627246D97ADB /* EncryptionManagerTests.swift */,
				4CDAF6B5FA7CE2AED5D0118E /* ScheduleManagerTests.swift */,
				BDE78D2F7E6BFB80FDE643BB /* SyncScheduleTests.swift */,
				3DA97DEA46D79CCD30FA0278 /* CloudSyncUltraIntegrationTests.swift */,
				4DAF33D2D05D2C43F610E397 /* KeychainManagerTests.swift */,
				E73474A03B74243C017C410E /* BandwidthThrottlingTests.swift */,
				6FDD46B253F69871C55FAE99 /* TransferViewStateTests.swift */,
				9E8DABB2B86630B83F6834B3 /* RemotesViewModelTests.swift */,
				9DCDC5D0F7F267A4299B7A34 /* RcloneManagerErrorTests.swift */,
				00674214001C9A1082D1207D /* AccountNameTests.swift */,
				E7900A9FE676AF733C72749E /* Phase1Week2ProvidersTests.swift */,
				990D0F70CC76B66CE3B45B4E /* Phase1Week3ProvidersTests.swift */,
				E19E4FEDBCB418DE1806942D /* MainWindowIntegrationTests.swift */,
				F4547BACA8D0CFB390C1E064 /* Phase1Week1ProvidersTests.swift */,
				7C885DE1600F31A933247FA5 /* BandwidthThrottlingUITests.swift */,
				B11DA4CAA0CBE2C9F2F5FFA6 /* AddRemoteViewTests.swift */,
				3897FF2136C42413E2F8A10B /* JottacloudAuthenticationTests.swift */,
				D2D2881ED8DA0ABD6E7BFC23 /* ScheduleFrequencyTests.swift */,
				D63BCA8D8C177E469BF4667C /* JottacloudProviderTests.swift */,
				7C9ED024095B67FD449DAD9D /* SyncManagerTests.swift */,
				C57298D30CEEFA6B8FCE7AB3 /* OAuthExpansionProvidersTests.swift */,
				B23CA2230D58EBE239230765 /* FileItemTests.swift */,
				C7DCC18765B1FACCAA965FF5 /* SyncTaskTests.swift */,
				C7DA7F1856757AB4C4C72C7A /* ErrorNotificationManagerTests.swift */,
				5106C877AA4817D4F7C064FC /* RemoteReorderingTests.swift */,
				FB6D4BA40F093273E2CEC341 /* OnboardingViewModelTests.swift */,
				A4FBA4CD745F10F3CCD929EE /* HelpSystemTests.swift */,
				AA8C7CCAC4914E5A58E0B9D0 /* MultiThreadDownloadTests.swift */,
				C7640A97C61011358757E1FB /* TransferOptimizerTests.swift */,
				44288236563EB1F0789C060E /* ChunkSizeTests.swift */,
				4FDF9B64CA91B6A75B7BD1BD /* TransferPreviewTests.swift */,
				363AFE7F6CFC5D23D651F1BC /* PerformanceProfileTests.swift */,
			);
			path = CloudSyncAppTests;
			sourceTree = SOURCE_ROOT;
		};
		21 /* CloudSyncApp */ = {
			isa = PBXGroup;
			children = (
				E47CD2842F17ED03001E64FC /* AppTheme.swift */,
				E47CD2852F17ED03001E64FC /* ButtonStyles.swift */,
				E47CD2862F17ED03001E64FC /* CardStyles.swift */,
				E47CD27E2F17EB37001E64FC /* NotificationManager.swift */,
				02 /* CloudSyncAppApp.swift */,
				04 /* ContentView.swift */,
				06 /* RcloneManager.swift */,
				08 /* SyncManager.swift */,
				10 /* StatusBarController.swift */,
				12 /* SettingsView.swift */,
				20 /* EncryptionManager.swift */,
				G1 /* Models */,
				G2 /* ViewModels */,
				G3 /* Views */,
				G4 /* Components */,
				14 /* Assets.xcassets */,
				16 /* Info.plist */,
				18 /* CloudSyncApp.entitlements */,
				458E4CA3A6E61071EE941591 /* ScheduleManager.swift */,
				6F5E48E7AEC7D5E407F501B9 /* CloudSyncErrors.swift */,
				ECFF45298AC401F4D2887258 /* KeychainManager.swift */,
				49FC495CA79185DB2B79982D /* Logger+Extensions.swift */,
				3EA943E5A37C52E2869C48D0 /* ProtonDriveManager.swift */,
				F558D6C3377DEC3C817F705C /* HelpManager.swift */,
				83C74F79C5EE9676CAE67930 /* CrashReportingManager.swift */,
				EDDB620DB037EFD3D24E76C7 /* Styles */,
				300BCFB56ABB4E851CF9D38E /* Managers */,
				59D49B2D17312CF790988F9C /* SecurityManager.swift */,
				43097CB31FE0746630E17F49 /* AuthRateLimiter.swift */,
				FB04 /* FeedbackManager.swift */,
			);
			path = CloudSyncApp;
			sourceTree = "<group>";
		};
		22 /* Products */ = {
			isa = PBXGroup;
			children = (
				15 /* CloudSyncApp.app */,
				E891BD41D0F5C60D16DDE132 /* CloudSyncAppUITests.xctest */,
				6739C5807A749256A49248B5 /* CloudSyncAppTests.xctest */,
				00BB5A4E18C711CB95D5AE9B /* CloudSyncAppTests.xctest */,
				EF64D6804F2A00547C7B4675 /* CloudSyncAppTests.xctest */,
				CB0886CF56CD5228242B90F9 /* CloudSyncAppTests.xctest */,
			);
			name = Products;
			sourceTree = "<group>";
		};
		300BCFB56ABB4E851CF9D38E /* Managers */ = {
			isa = PBXGroup;
			children = (
				4FB6A056898C5413DB9FC0C7 /* StoreKitManager.swift */,
			);
			name = Managers;
			sourceTree = "<group>";
		};
		A97945F5393C2EEFA53D8CDD /* OS X */ = {
			isa = PBXGroup;
			children = (
				7114CE2ED36FBC45B7DA3621 /* Cocoa.framework */,
			);
			name = "OS X";
			sourceTree = "<group>";
		};
		D491AC57F3D84A9F2401C18A /* CloudSyncAppUITests */ = {
			isa = PBXGroup;
			children = (
				29FCF855FFAADD6680076AD2 /* CloudSyncAppUITests.swift */,
				660A2D60774D78D930803712 /* DashboardUITests.swift */,
				510FB6414EA9DC91737151EE /* FileBrowserUITests.swift */,
				913A773063349BA1D4C769F8 /* TransferViewUITests.swift */,
				676F55F5D2D0390999318696 /* TasksUITests.swift */,
				2A48BBE0B7CF92DB356AB1FB /* WorkflowUITests.swift */,
				C9D6692B80F0AAC744308A41 /* SettingsUITests.swift */,
			);
			path = CloudSyncAppUITests;
			sourceTree = "<group>";
		};
		EDDB620DB037EFD3D24E76C7 /* Styles */ = {
			isa = PBXGroup;
			children = (
				AC65A10946A6CD735FA94D79 /* AppTheme+ProviderColors.swift */,
			);
			name = Styles;
			sourceTree = "<group>";
		};
		G0 = {
			isa = PBXGroup;
			children = (
				21 /* CloudSyncApp */,
				D491AC57F3D84A9F2401C18A /* CloudSyncAppUITests */,
				22 /* Products */,
				17CE977B1A059C572FBF9159 /* Frameworks */,
				1BFB43019B5CF02DA3491D14 /* CloudSyncAppTests */,
			);
			sourceTree = "<group>";
		};
		G1 /* Models */ = {
			isa = PBXGroup;
			children = (
				EEAAD6BF7230D609CD93447E /* HelpCategory.swift */,
				84316305CEA5BCD30DFFB7BC /* HelpTopic.swift */,
				E47CD27C2F163702001E64FC /* TransferError.swift */,
				A2 /* CloudProvider.swift */,
				A4 /* SyncTask.swift */,
				A79142E2AF96EBA935916A2E /* SyncSchedule.swift */,
				078683D70523A8FC2A01093F /* TransferPreview.swift */,
				00FE89E5D3B69FEA0EBEF0CF /* TransferOptimizer.swift */,
				06D003539E2443AABD37FE21 /* CrashReport.swift */,
				B455BD415BDDCF311808B5CE /* SubscriptionTier.swift */,
				5AFE5ABA9470475042E35F1B /* PerformanceProfile.swift */,
				8E993DCCAE5027CC85D02A70 /* SecureString.swift */,
				FB02 /* FeedbackCategory.swift */,
			);
			path = Models;
			sourceTree = "<group>";
		};
		G2 /* ViewModels */ = {
			isa = PBXGroup;
			children = (
				1947B9C996D3BC4E388965B7 /* OnboardingViewModel.swift */,
				A8 /* RemotesViewModel.swift */,
				AA /* TasksViewModel.swift */,
				AC /* FileBrowserViewModel.swift */,
			);
			path = ViewModels;
			sourceTree = "<group>";
		};
		G3 /* Views */ = {
			isa = PBXGroup;
			children = (
				0AEBE8ADAA923BC2FFC65123 /* Onboarding */,
				AE /* MainWindow.swift */,
				B0 /* DashboardView.swift */,
				B2 /* TransferView.swift */,
				B4 /* TasksView.swift */,
				B6 /* HistoryView.swift */,
				B8 /* FileBrowserView.swift */,
				83ED492C8829FC2B8ACC2FBB /* ScheduleSettingsView.swift */,
				AFEC4CFC95280DF06508D2DC /* ScheduleRowView.swift */,
				C4194F8B8D6C8FBB1644D705 /* ScheduleEditorSheet.swift */,
				B37C41589EAD874DD98D07E4 /* EncryptionModal.swift */,
				055C30C36D0BCF261C5C27FA /* ProtonDriveSetupView.swift */,
				SV02 /* SchedulesView.swift */,
				4067D568C3D17631CE8DF789 /* QuickActionsView.swift */,
				AF8EE54CC73F706C74ADE027 /* CrashReportViewer.swift */,
				5750EAC63CBC8D0EBA85D075 /* PaywallView.swift */,
				8787F26DDBDE93A2675DDA33 /* SubscriptionView.swift */,
				94A865AA92D3853E31E7C05D /* PerformanceSettingsView.swift */,
				FB06 /* FeedbackView.swift */,
			);
			path = Views;
			sourceTree = "<group>";
		};
		G4 /* Components */ = {
			isa = PBXGroup;
			children = (
				DCC849189CAEEFB49851CF23 /* Components.swift */,
				D506FF630286532822C2F401 /* ProviderIconView.swift */,
			);
			path = Components;
			sourceTree = "<group>";
		};
/* End PBXGroup section */

/* Begin PBXNativeTarget section */
		30 /* CloudSyncApp */ = {
			isa = PBXNativeTarget;
			buildConfigurationList = 31 /* Build configuration list for PBXNativeTarget "CloudSyncApp" */;
			buildPhases = (
				32 /* Sources */,
				33 /* Resources */,
			);
			buildRules = (
			);
			dependencies = (
			);
			name = CloudSyncApp;
			productName = CloudSyncApp;
			productReference = 15 /* CloudSyncApp.app */;
			productType = "com.apple.product-type.application";
		};
		55F640B72D68E056E66DC19C /* CloudSyncAppTests */ = {
			isa = PBXNativeTarget;
			buildConfigurationList = 2264C6BE79ABF4DAF024D12B /* Build configuration list for PBXNativeTarget "CloudSyncAppTests" */;
			buildPhases = (
				63D93C4BEA6FB47024EBDA7D /* Sources */,
				C7B3CA9DFB78D4FAB2255DC4 /* Frameworks */,
				9DCE1A563E831DC01221A77B /* Resources */,
			);
			buildRules = (
			);
			dependencies = (
				74F2A5981634C85E2C58131C /* PBXTargetDependency */,
			);
			name = CloudSyncAppTests;
			productName = CloudSyncAppTests;
			productReference = CB0886CF56CD5228242B90F9 /* CloudSyncAppTests.xctest */;
			productType = "com.apple.product-type.bundle.unit-test";
		};
		BB68CAB9B0EE2AA176F0020A /* CloudSyncAppUITests */ = {
			isa = PBXNativeTarget;
			buildConfigurationList = 39F9AFC4CED7FC5348D24177 /* Build configuration list for PBXNativeTarget "CloudSyncAppUITests" */;
			buildPhases = (
				D3A5C5B5CA502EF5B6588D7C /* Sources */,
				77983C6DB0A84EB5DD9D5ABA /* Frameworks */,
				797891FD431141EDB8D36925 /* Resources */,
			);
			buildRules = (
			);
			dependencies = (
				ACE786FD49EEF7515F970741 /* PBXTargetDependency */,
			);
			name = CloudSyncAppUITests;
			productName = CloudSyncAppUITests;
			productReference = E891BD41D0F5C60D16DDE132 /* CloudSyncAppUITests.xctest */;
			productType = "com.apple.product-type.bundle.ui-testing";
		};
/* End PBXNativeTarget section */

/* Begin PBXProject section */
		40 /* Project object */ = {
			isa = PBXProject;
			attributes = {
				BuildIndependentTargetsInParallel = 1;
				LastSwiftUpdateCheck = 1500;
				LastUpgradeCheck = 1500;
			};
			buildConfigurationList = 41 /* Build configuration list for PBXProject "CloudSyncApp" */;
			compatibilityVersion = "Xcode 14.0";
			developmentRegion = en;
			hasScannedForEncodings = 0;
			knownRegions = (
				en,
				Base,
			);
			mainGroup = G0;
			productRefGroup = 22 /* Products */;
			projectDirPath = "";
			projectRoot = "";
			targets = (
				30 /* CloudSyncApp */,
				55F640B72D68E056E66DC19C /* CloudSyncAppTests */,
				BB68CAB9B0EE2AA176F0020A /* CloudSyncAppUITests */,
			);
		};
/* End PBXProject section */

/* Begin PBXResourcesBuildPhase section */
		33 /* Resources */ = {
			isa = PBXResourcesBuildPhase;
			buildActionMask = 2147483647;
			files = (
				13 /* Assets.xcassets in Resources */,
			);
			runOnlyForDeploymentPostprocessing = 0;
		};
		797891FD431141EDB8D36925 /* Resources */ = {
			isa = PBXResourcesBuildPhase;
			buildActionMask = 2147483647;
			files = (
			);
			runOnlyForDeploymentPostprocessing = 0;
		};
		9DCE1A563E831DC01221A77B /* Resources */ = {
			isa = PBXResourcesBuildPhase;
			buildActionMask = 2147483647;
			files = (
			);
			runOnlyForDeploymentPostprocessing = 0;
		};
/* End PBXResourcesBuildPhase section */

/* Begin PBXSourcesBuildPhase section */
		32 /* Sources */ = {
			isa = PBXSourcesBuildPhase;
			buildActionMask = 2147483647;
			files = (
				290BABC06DD843FEB9A8DE97 /* WizardView.swift in Sources */,
				24C6CFBD2B9C48DD9DB46DD9 /* WizardProgressView.swift in Sources */,
				A23C9ED2D57545CDB27C7645 /* ProviderConnectionWizardView.swift in Sources */,
				0A61B23867A9489792450FDE /* ChooseProviderStep.swift in Sources */,
				3D4987CD5D274652904FA2C3 /* ConfigureSettingsStep.swift in Sources */,
				3CE3E7435EB740EE9E59CEE5 /* TestConnectionStep.swift in Sources */,
				8065DA638CFA42AABC5633BF /* SuccessStep.swift in Sources */,
				SCHED001 /* ScheduleWizardView.swift in Sources */,
				SCHED002 /* SelectRemotesStep.swift in Sources */,
				SCHED003 /* ConfigureScheduleStep.swift in Sources */,
				SCHED004 /* ScheduleReviewStep.swift in Sources */,
				TRANS001 /* TransferWizardView.swift in Sources */,
				TRANS002 /* TransferSourceStep.swift in Sources */,
				TRANS003 /* TransferDestinationStep.swift in Sources */,
				TRANS004 /* TransferOptionsStep.swift in Sources */,
				TRANS005 /* TransferReviewStep.swift in Sources */,
				01 /* CloudSyncAppApp.swift in Sources */,
				03 /* ContentView.swift in Sources */,
				05 /* RcloneManager.swift in Sources */,
				07 /* SyncManager.swift in Sources */,
				09 /* StatusBarController.swift in Sources */,
				11 /* SettingsView.swift in Sources */,
				19 /* EncryptionManager.swift in Sources */,
				A1 /* CloudProvider.swift in Sources */,
				A3 /* SyncTask.swift in Sources */,
				A7 /* RemotesViewModel.swift in Sources */,
				A9 /* TasksViewModel.swift in Sources */,
				E47CD2872F17ED03001E64FC /* AppTheme.swift in Sources */,
				E47CD2882F17ED03001E64FC /* ButtonStyles.swift in Sources */,
				E47CD2892F17ED03001E64FC /* CardStyles.swift in Sources */,
				AB /* FileBrowserViewModel.swift in Sources */,
				AD /* MainWindow.swift in Sources */,
				AF /* DashboardView.swift in Sources */,
				B1 /* TransferView.swift in Sources */,
				B3 /* TasksView.swift in Sources */,
				B5 /* HistoryView.swift in Sources */,
				B7 /* FileBrowserView.swift in Sources */,
				9FF048E78C64843615D3B45A /* SyncSchedule.swift in Sources */,
				729F47C18417A8B8560B8C1F /* ScheduleManager.swift in Sources */,
				6D5141DCA9FE66C7D7B06816 /* ScheduleSettingsView.swift in Sources */,
				E47CD27F2F17EB37001E64FC /* NotificationManager.swift in Sources */,
				E47CD27D2F163702001E64FC /* TransferError.swift in Sources */,
				F9F6431099FEBF1B1708BFA1 /* ScheduleRowView.swift in Sources */,
				09E04DE9BBBC3500DBC6D7F4 /* ScheduleEditorSheet.swift in Sources */,
				BF01 /* EncryptionModal.swift in Sources */,
				BF02 /* Components.swift in Sources */,
				BF03 /* CloudSyncErrors.swift in Sources */,
				BF04 /* KeychainManager.swift in Sources */,
				BF05 /* Logger+Extensions.swift in Sources */,
				BF06 /* ProtonDriveManager.swift in Sources */,
				BF07 /* ProtonDriveSetupView.swift in Sources */,
				SV01 /* SchedulesView.swift in Sources */,
				77068DEE976DCBE38155F97B /* OnboardingViewModel.swift in Sources */,
				ADD01 /* AddProviderStepView.swift in Sources */,
				FSS01 /* FirstSyncStepView.swift in Sources */,
				CMP01 /* CompletionStepView.swift in Sources */,
				E3E6EE7BAF23B655BF7648F7 /* OnboardingView.swift in Sources */,
				C83C9D658C9DAD85749F1716 /* WelcomeStepView.swift in Sources */,
				594A3E4BB5CAD8296F41B5EF /* HelpManager.swift in Sources */,
				1E2C4260CDBD4302607AD61C /* HelpCategory.swift in Sources */,
				8DE760D3EA5661EC1C772802 /* HelpTopic.swift in Sources */,
				585137937773274EE2DB0388 /* TransferPreview.swift in Sources */,
				972920D5C1F583EAE8FD98C9 /* TransferOptimizer.swift in Sources */,
				56128FD100AFC400EF37268D /* QuickActionsView.swift in Sources */,
				73DCAF4ED905EDDECDF653A9 /* CrashReportingManager.swift in Sources */,
				15D070AFCAD4B41716F8B90C /* CrashReportViewer.swift in Sources */,
				A736C5BFC70A4EBF1A849DC6 /* CrashReport.swift in Sources */,
				F9455A915EF77B90D3A135CD /* ProviderIconView.swift in Sources */,
				C12F52A4FE77EB07C3F45AFC /* AppTheme+ProviderColors.swift in Sources */,
				F55E0A979B6C9A6344B933AC /* StoreKitManager.swift in Sources */,
				2C41CDE946A3A0F5E1E2F763 /* SubscriptionTier.swift in Sources */,
				E79B69A17616C3EA513E86BB /* PaywallView.swift in Sources */,
				35ECD63CA579DB0E5AC87055 /* SubscriptionView.swift in Sources */,
				FEE0B457B924834A99AEE7A8 /* SecurityManager.swift in Sources */,
				89191FA68F0EFC63D0A63A9A /* PerformanceProfile.swift in Sources */,
				9B0D2035BCFC1AC1B99EEEA1 /* PerformanceSettingsView.swift in Sources */,
				A5921BD1342E45D791A9135B /* AuthRateLimiter.swift in Sources */,
				5E1191103A0838DD205D52EC /* SecureString.swift in Sources */,
				FB01 /* FeedbackCategory.swift in Sources */,
				FB03 /* FeedbackManager.swift in Sources */,
				FB05 /* FeedbackView.swift in Sources */,
			);
			runOnlyForDeploymentPostprocessing = 0;
		};
		63D93C4BEA6FB47024EBDA7D /* Sources */ = {
			isa = PBXSourcesBuildPhase;
			buildActionMask = 2147483647;
			files = (
				783863546852C7EA2EEBEC28 /* TransferErrorTests.swift in Sources */,
				8840B42F2500A637EE0256CA /* SidebarOrderTests.swift in Sources */,
				B1310D7EEC04969EAD432C6F /* MenuBarScheduleTests.swift in Sources */,
				5D33408EE5730FB66E7A7434 /* CloudProviderTests.swift in Sources */,
				81CE811892E52A5E68CC65D7 /* TimeFormattingTests.swift in Sources */,
				2FFF493F1645756320E99263 /* SyncManagerPhase2Tests.swift in Sources */,
				BBA66562727E6D647D89B5B4 /* EncryptionManagerTests.swift in Sources */,
				E04D2FFB07E1D6F32F2C5984 /* ScheduleManagerTests.swift in Sources */,
				86BB3ED50642B7B8CFE212C8 /* SyncScheduleTests.swift in Sources */,
				82948DFD83AC5CFBF3951A22 /* CloudSyncUltraIntegrationTests.swift in Sources */,
				A7A75C89672BD191A890F869 /* KeychainManagerTests.swift in Sources */,
				C253E3C82C46D2E49FC7BF0A /* BandwidthThrottlingTests.swift in Sources */,
				36C776A9209195E868E81BEB /* TransferViewStateTests.swift in Sources */,
				6E423B404C4C7CF88C086CC3 /* RemotesViewModelTests.swift in Sources */,
				3C0A61D75E294F51AB336EF6 /* RcloneManagerErrorTests.swift in Sources */,
				742B29A5D981D9A5F17C62BA /* AccountNameTests.swift in Sources */,
				1B886135514887EC390443F0 /* Phase1Week2ProvidersTests.swift in Sources */,
				3DE9FA1916F3A51951A5E8DC /* Phase1Week3ProvidersTests.swift in Sources */,
				B041C2E9E82EAA4027C4BCDC /* MainWindowIntegrationTests.swift in Sources */,
				D7114B6E9C6AE93A064FB12B /* Phase1Week1ProvidersTests.swift in Sources */,
				442B3A50FA48541267ABA227 /* BandwidthThrottlingUITests.swift in Sources */,
				631B9EE64D50FDF1A7CF8114 /* AddRemoteViewTests.swift in Sources */,
				73FD6B6E5AFA2A841C8B50D6 /* JottacloudAuthenticationTests.swift in Sources */,
				F38D53E8FEFE68995CC4A069 /* ScheduleFrequencyTests.swift in Sources */,
				1A895E4AAA78AC9F4CE51364 /* JottacloudProviderTests.swift in Sources */,
				3544C759F866635E5EF11EE9 /* SyncManagerTests.swift in Sources */,
				0853A8B6DCF0320F979C9F09 /* OAuthExpansionProvidersTests.swift in Sources */,
				B9904339C73050D33EE2DC35 /* FileItemTests.swift in Sources */,
				38907F9E82A0FBD76721788A /* SyncTaskTests.swift in Sources */,
				3EE41743EA0D6C4FFB2B9E83 /* ErrorNotificationManagerTests.swift in Sources */,
				7C5F9037D207CCDFBE127ED0 /* RemoteReorderingTests.swift in Sources */,
				676D68533A41294BC4FB5960 /* OnboardingViewModelTests.swift in Sources */,
				9B85615EC4EC33CB802ABFA2 /* HelpSystemTests.swift in Sources */,
				2CBA14FDB5D8407B9937F012 /* MultiThreadDownloadTests.swift in Sources */,
				0A2F78C6C44A00F629D3291A /* TransferOptimizerTests.swift in Sources */,
				3F339F7447DB8BDABE3E1A45 /* ChunkSizeTests.swift in Sources */,
				C315EB8938B597F31192BB22 /* TransferPreviewTests.swift in Sources */,
				94601C1CC9A6768D2C0D48AE /* PerformanceProfileTests.swift in Sources */,
			);
			runOnlyForDeploymentPostprocessing = 0;
		};
		D3A5C5B5CA502EF5B6588D7C /* Sources */ = {
			isa = PBXSourcesBuildPhase;
			buildActionMask = 2147483647;
			files = (
				5757119078672EE10F29AE66 /* CloudSyncAppUITests.swift in Sources */,
				E93555A9C727135EBF3E404A /* DashboardUITests.swift in Sources */,
				E2F08BCC2D001142749CE7AC /* FileBrowserUITests.swift in Sources */,
				2BA33583EAF6D48486872A43 /* TransferViewUITests.swift in Sources */,
				05C65938403FAA1C275F694D /* TasksUITests.swift in Sources */,
				F380524C70F44E5D037321B3 /* WorkflowUITests.swift in Sources */,
				1B162F32BC976843C403F875 /* SettingsUITests.swift in Sources */,
			);
			runOnlyForDeploymentPostprocessing = 0;
		};
/* End PBXSourcesBuildPhase section */

/* Begin PBXTargetDependency section */
		74F2A5981634C85E2C58131C /* PBXTargetDependency */ = {
			isa = PBXTargetDependency;
			name = CloudSyncApp;
			target = 30 /* CloudSyncApp */;
			targetProxy = 3E90BEDC6EE6C3E2904A4FE8 /* PBXContainerItemProxy */;
		};
		ACE786FD49EEF7515F970741 /* PBXTargetDependency */ = {
			isa = PBXTargetDependency;
			target = 30 /* CloudSyncApp */;
			targetProxy = 625766504D8E451C7F798705 /* PBXContainerItemProxy */;
		};
/* End PBXTargetDependency section */

/* Begin XCBuildConfiguration section */
		3A8977E6971E21288BBAB653 /* Release */ = {
			isa = XCBuildConfiguration;
			buildSettings = {
				BUNDLE_LOADER = "$(TEST_HOST)";
				CODE_SIGN_IDENTITY = "-";
				CODE_SIGN_STYLE = Automatic;
				DEVELOPMENT_TEAM = "";
				ENABLE_TESTABILITY = YES;
				GENERATE_INFOPLIST_FILE = YES;
				LD_RUNPATH_SEARCH_PATHS = (
					"$(inherited)",
					"@executable_path/../Frameworks",
					"@loader_path/../Frameworks",
				);
				MACOSX_DEPLOYMENT_TARGET = 14.0;
				PRODUCT_BUNDLE_IDENTIFIER = com.yourcompany.CloudSyncAppTests;
				PRODUCT_NAME = "$(TARGET_NAME)";
				SDKROOT = macosx;
				SWIFT_VERSION = 5.0;
				TEST_HOST = "$(BUILT_PRODUCTS_DIR)/CloudSyncApp.app/Contents/MacOS/CloudSyncApp";
			};
			name = Release;
		};
		50 /* Debug */ = {
			isa = XCBuildConfiguration;
			buildSettings = {
				ALWAYS_SEARCH_USER_PATHS = NO;
				ASSETCATALOG_COMPILER_APPICON_NAME = AppIcon;
				ASSETCATALOG_COMPILER_GLOBAL_ACCENT_COLOR_NAME = AccentColor;
				CODE_SIGNING_ALLOWED = NO;
				CODE_SIGNING_REQUIRED = NO;
				CODE_SIGN_ENTITLEMENTS = CloudSyncApp/CloudSyncApp.entitlements;
				CODE_SIGN_IDENTITY = "";
				CODE_SIGN_STYLE = Automatic;
				COMBINE_HIDPI_IMAGES = YES;
				CURRENT_PROJECT_VERSION = 2;
				DEVELOPMENT_TEAM = "";
				ENABLE_HARDENED_RUNTIME = YES;
				ENABLE_TESTABILITY = YES;
				EXPANDED_CODE_SIGN_IDENTITY = "";
				GENERATE_INFOPLIST_FILE = YES;
				INFOPLIST_FILE = CloudSyncApp/Info.plist;
				INFOPLIST_KEY_LSUIElement = NO;
				INFOPLIST_KEY_NSHumanReadableCopyright = "Copyright © 2026 CloudSync. All rights reserved.";
				LD_RUNPATH_SEARCH_PATHS = (
					"$(inherited)",
					"@executable_path/../Frameworks",
				);
				MACOSX_DEPLOYMENT_TARGET = 14.0;
				MARKETING_VERSION = 2.0.32;
				PRODUCT_BUNDLE_IDENTIFIER = com.yourcompany.CloudSyncApp;
				PRODUCT_NAME = "$(TARGET_NAME)";
				SWIFT_EMIT_LOC_STRINGS = YES;
				SWIFT_VERSION = 5.0;
			};
			name = Debug;
		};
		51 /* Release */ = {
			isa = XCBuildConfiguration;
			buildSettings = {
				ALWAYS_SEARCH_USER_PATHS = NO;
				ASSETCATALOG_COMPILER_APPICON_NAME = AppIcon;
				ASSETCATALOG_COMPILER_GLOBAL_ACCENT_COLOR_NAME = AccentColor;
				CODE_SIGN_ENTITLEMENTS = CloudSyncApp/CloudSyncApp.entitlements;
				CODE_SIGN_STYLE = Automatic;
				COMBINE_HIDPI_IMAGES = YES;
				CURRENT_PROJECT_VERSION = 2;
				DEVELOPMENT_TEAM = "";
				ENABLE_HARDENED_RUNTIME = YES;
				ENABLE_TESTABILITY = YES;
				GENERATE_INFOPLIST_FILE = YES;
				INFOPLIST_FILE = CloudSyncApp/Info.plist;
				INFOPLIST_KEY_LSUIElement = NO;
				INFOPLIST_KEY_NSHumanReadableCopyright = "Copyright © 2026 CloudSync. All rights reserved.";
				LD_RUNPATH_SEARCH_PATHS = (
					"$(inherited)",
					"@executable_path/../Frameworks",
				);
				MACOSX_DEPLOYMENT_TARGET = 14.0;
				MARKETING_VERSION = 2.0.32;
				PRODUCT_BUNDLE_IDENTIFIER = com.yourcompany.CloudSyncApp;
				PRODUCT_NAME = "$(TARGET_NAME)";
				SWIFT_EMIT_LOC_STRINGS = YES;
				SWIFT_VERSION = 5.0;
			};
			name = Release;
		};
		6760C549AADF2FE0E9224C19 /* Debug */ = {
			isa = XCBuildConfiguration;
			buildSettings = {
				BUNDLE_LOADER = "$(TEST_HOST)";
				CODE_SIGNING_ALLOWED = NO;
				CODE_SIGNING_REQUIRED = NO;
				CODE_SIGN_IDENTITY = "";
				CODE_SIGN_STYLE = Automatic;
				DEVELOPMENT_TEAM = "";
				ENABLE_TESTABILITY = YES;
				EXPANDED_CODE_SIGN_IDENTITY = "";
				GENERATE_INFOPLIST_FILE = YES;
				LD_RUNPATH_SEARCH_PATHS = (
					"$(inherited)",
					"@executable_path/../Frameworks",
					"@loader_path/../Frameworks",
				);
				MACOSX_DEPLOYMENT_TARGET = 14.0;
				PRODUCT_BUNDLE_IDENTIFIER = com.yourcompany.CloudSyncAppTests;
				PRODUCT_NAME = "$(TARGET_NAME)";
				SDKROOT = macosx;
				SWIFT_VERSION = 5.0;
				TEST_HOST = "$(BUILT_PRODUCTS_DIR)/CloudSyncApp.app/Contents/MacOS/CloudSyncApp";
			};
			name = Debug;
		};
		9EBAD9FC473F0B54CA7FDE85 /* Debug */ = {
			isa = XCBuildConfiguration;
			buildSettings = {
				CODE_SIGNING_ALLOWED = NO;
				CODE_SIGNING_REQUIRED = NO;
				CODE_SIGN_IDENTITY = "";
				CODE_SIGN_STYLE = Automatic;
				DEVELOPMENT_TEAM = "";
				EXPANDED_CODE_SIGN_IDENTITY = "";
				GENERATE_INFOPLIST_FILE = YES;
				LD_RUNPATH_SEARCH_PATHS = (
					"$(inherited)",
					"@executable_path/../Frameworks",
					"@loader_path/../Frameworks",
				);
				MACOSX_DEPLOYMENT_TARGET = 14.0;
				PRODUCT_BUNDLE_IDENTIFIER = com.yourcompany.CloudSyncAppUITests;
				PRODUCT_NAME = "$(TARGET_NAME)";
				SDKROOT = macosx;
				SWIFT_VERSION = 5.0;
				TEST_TARGET_NAME = CloudSyncApp;
			};
			name = Debug;
		};
		C0590D45369D30BD1473F251 /* Release */ = {
			isa = XCBuildConfiguration;
			buildSettings = {
				CODE_SIGN_IDENTITY = "-";
				CODE_SIGN_STYLE = Automatic;
				DEVELOPMENT_TEAM = "";
				GENERATE_INFOPLIST_FILE = YES;
				LD_RUNPATH_SEARCH_PATHS = (
					"$(inherited)",
					"@executable_path/../Frameworks",
					"@loader_path/../Frameworks",
				);
				MACOSX_DEPLOYMENT_TARGET = 14.0;
				PRODUCT_BUNDLE_IDENTIFIER = com.yourcompany.CloudSyncAppUITests;
				PRODUCT_NAME = "$(TARGET_NAME)";
				SDKROOT = macosx;
				SWIFT_VERSION = 5.0;
				TEST_TARGET_NAME = CloudSyncApp;
			};
			name = Release;
		};
/* End XCBuildConfiguration section */

/* Begin XCConfigurationList section */
		2264C6BE79ABF4DAF024D12B /* Build configuration list for PBXNativeTarget "CloudSyncAppTests" */ = {
			isa = XCConfigurationList;
			buildConfigurations = (
				3A8977E6971E21288BBAB653 /* Release */,
				6760C549AADF2FE0E9224C19 /* Debug */,
			);
			defaultConfigurationIsVisible = 0;
			defaultConfigurationName = Release;
		};
		31 /* Build configuration list for PBXNativeTarget "CloudSyncApp" */ = {
			isa = XCConfigurationList;
			buildConfigurations = (
				50 /* Debug */,
				51 /* Release */,
			);
			defaultConfigurationIsVisible = 0;
			defaultConfigurationName = Release;
		};
		39F9AFC4CED7FC5348D24177 /* Build configuration list for PBXNativeTarget "CloudSyncAppUITests" */ = {
			isa = XCConfigurationList;
			buildConfigurations = (
				9EBAD9FC473F0B54CA7FDE85 /* Debug */,
				C0590D45369D30BD1473F251 /* Release */,
			);
			defaultConfigurationIsVisible = 0;
			defaultConfigurationName = Release;
		};
		41 /* Build configuration list for PBXProject "CloudSyncApp" */ = {
			isa = XCConfigurationList;
			buildConfigurations = (
				50 /* Debug */,
				51 /* Release */,
			);
			defaultConfigurationIsVisible = 0;
			defaultConfigurationName = Release;
		};
/* End XCConfigurationList section */
	};
	rootObject = 40 /* Project object */;
}
