// !$*UTF8*$!
{
	archiveVersion = 1;
	classes = {
	};
	objectVersion = 56;
	objects = {

/* Begin PBXBuildFile section */
		01 /* CloudSyncAppApp.swift in Sources */ = {isa = PBXBuildFile; fileRef = 02; };
		03 /* ContentView.swift in Sources */ = {isa = PBXBuildFile; fileRef = 04; };
		05 /* RcloneManager.swift in Sources */ = {isa = PBXBuildFile; fileRef = 06; };
		07 /* SyncManager.swift in Sources */ = {isa = PBXBuildFile; fileRef = 08; };
		09 /* StatusBarController.swift in Sources */ = {isa = PBXBuildFile; fileRef = 10; };
		11 /* SettingsView.swift in Sources */ = {isa = PBXBuildFile; fileRef = 12; };
		13 /* Assets.xcassets in Resources */ = {isa = PBXBuildFile; fileRef = 14; };
		17 /* CloudSyncApp.entitlements in Resources */ = {isa = PBXBuildFile; fileRef = 18; };
		19 /* EncryptionManager.swift in Sources */ = {isa = PBXBuildFile; fileRef = 20; };
		A1 /* CloudProvider.swift in Sources */ = {isa = PBXBuildFile; fileRef = A2; };
		A3 /* SyncTask.swift in Sources */ = {isa = PBXBuildFile; fileRef = A4; };
		A5 /* AppTheme.swift in Sources */ = {isa = PBXBuildFile; fileRef = A6; };
		A7 /* RemotesViewModel.swift in Sources */ = {isa = PBXBuildFile; fileRef = A8; };
		A9 /* TasksViewModel.swift in Sources */ = {isa = PBXBuildFile; fileRef = AA; };
		AB /* FileBrowserViewModel.swift in Sources */ = {isa = PBXBuildFile; fileRef = AC; };
		AD /* MainWindow.swift in Sources */ = {isa = PBXBuildFile; fileRef = AE; };
		AF /* DashboardView.swift in Sources */ = {isa = PBXBuildFile; fileRef = B0; };
		B1 /* TransferView.swift in Sources */ = {isa = PBXBuildFile; fileRef = B2; };
		B3 /* TasksView.swift in Sources */ = {isa = PBXBuildFile; fileRef = B4; };
		B5 /* HistoryView.swift in Sources */ = {isa = PBXBuildFile; fileRef = B6; };
		B7 /* FileBrowserView.swift in Sources */ = {isa = PBXBuildFile; fileRef = B8; };
		09E04DE9BBBC3500DBC6D7F4 /* ScheduleEditorSheet.swift in Sources */ = {isa = PBXBuildFile; fileRef = C4194F8B8D6C8FBB1644D705 /* ScheduleEditorSheet.swift */; };
		6D5141DCA9FE66C7D7B06816 /* ScheduleSettingsView.swift in Sources */ = {isa = PBXBuildFile; fileRef = 83ED492C8829FC2B8ACC2FBB /* ScheduleSettingsView.swift */; };
		729F47C18417A8B8560B8C1F /* ScheduleManager.swift in Sources */ = {isa = PBXBuildFile; fileRef = 458E4CA3A6E61071EE941591 /* ScheduleManager.swift */; };
		9FF048E78C64843615D3B45A /* SyncSchedule.swift in Sources */ = {isa = PBXBuildFile; fileRef = A79142E2AF96EBA935916A2E /* SyncSchedule.swift */; };
		F9F6431099FEBF1B1708BFA1 /* ScheduleRowView.swift in Sources */ = {isa = PBXBuildFile; fileRef = AFEC4CFC95280DF06508D2DC /* ScheduleRowView.swift */; };
		BF01 /* EncryptionModal.swift in Sources */ = {isa = PBXBuildFile; fileRef = B37C41589EAD874DD98D07E4 /* EncryptionModal.swift */; };
		BF02 /* Components.swift in Sources */ = {isa = PBXBuildFile; fileRef = DCC849189CAEEFB49851CF23 /* Components.swift */; };
		BF03 /* CloudSyncErrors.swift in Sources */ = {isa = PBXBuildFile; fileRef = 6F5E48E7AEC7D5E407F501B9 /* CloudSyncErrors.swift */; };
		BF04 /* KeychainManager.swift in Sources */ = {isa = PBXBuildFile; fileRef = ECFF45298AC401F4D2887258 /* KeychainManager.swift */; };
		BF05 /* Logger+Extensions.swift in Sources */ = {isa = PBXBuildFile; fileRef = 49FC495CA79185DB2B79982D /* Logger+Extensions.swift */; };
		BF06 /* ProtonDriveManager.swift in Sources */ = {isa = PBXBuildFile; fileRef = 3EA943E5A37C52E2869C48D0 /* ProtonDriveManager.swift */; };
		BF07 /* ProtonDriveSetupView.swift in Sources */ = {isa = PBXBuildFile; fileRef = 055C30C36D0BCF261C5C27FA /* ProtonDriveSetupView.swift */; };
/* End PBXBuildFile section */

/* Begin PBXFileReference section */
		02 /* CloudSyncAppApp.swift */ = {isa = PBXFileReference; lastKnownFileType = sourcecode.swift; path = CloudSyncAppApp.swift; sourceTree = "<group>"; };
		04 /* ContentView.swift */ = {isa = PBXFileReference; lastKnownFileType = sourcecode.swift; path = ContentView.swift; sourceTree = "<group>"; };
		06 /* RcloneManager.swift */ = {isa = PBXFileReference; lastKnownFileType = sourcecode.swift; path = RcloneManager.swift; sourceTree = "<group>"; };
		08 /* SyncManager.swift */ = {isa = PBXFileReference; lastKnownFileType = sourcecode.swift; path = SyncManager.swift; sourceTree = "<group>"; };
		10 /* StatusBarController.swift */ = {isa = PBXFileReference; lastKnownFileType = sourcecode.swift; path = StatusBarController.swift; sourceTree = "<group>"; };
		12 /* SettingsView.swift */ = {isa = PBXFileReference; lastKnownFileType = sourcecode.swift; path = SettingsView.swift; sourceTree = "<group>"; };
		14 /* Assets.xcassets */ = {isa = PBXFileReference; lastKnownFileType = folder.assetcatalog; path = Assets.xcassets; sourceTree = "<group>"; };
		15 /* CloudSyncApp.app */ = {isa = PBXFileReference; explicitFileType = wrapper.application; includeInIndex = 0; path = CloudSyncApp.app; sourceTree = BUILT_PRODUCTS_DIR; };
		16 /* Info.plist */ = {isa = PBXFileReference; lastKnownFileType = text.plist.xml; path = Info.plist; sourceTree = "<group>"; };
		18 /* CloudSyncApp.entitlements */ = {isa = PBXFileReference; lastKnownFileType = text.plist.entitlements; path = CloudSyncApp.entitlements; sourceTree = "<group>"; };
		20 /* EncryptionManager.swift */ = {isa = PBXFileReference; lastKnownFileType = sourcecode.swift; path = EncryptionManager.swift; sourceTree = "<group>"; };
		A2 /* CloudProvider.swift */ = {isa = PBXFileReference; lastKnownFileType = sourcecode.swift; path = CloudProvider.swift; sourceTree = "<group>"; };
		A4 /* SyncTask.swift */ = {isa = PBXFileReference; lastKnownFileType = sourcecode.swift; path = SyncTask.swift; sourceTree = "<group>"; };
		A6 /* AppTheme.swift */ = {isa = PBXFileReference; lastKnownFileType = sourcecode.swift; path = AppTheme.swift; sourceTree = "<group>"; };
		A8 /* RemotesViewModel.swift */ = {isa = PBXFileReference; lastKnownFileType = sourcecode.swift; path = RemotesViewModel.swift; sourceTree = "<group>"; };
		AA /* TasksViewModel.swift */ = {isa = PBXFileReference; lastKnownFileType = sourcecode.swift; path = TasksViewModel.swift; sourceTree = "<group>"; };
		AC /* FileBrowserViewModel.swift */ = {isa = PBXFileReference; lastKnownFileType = sourcecode.swift; path = FileBrowserViewModel.swift; sourceTree = "<group>"; };
		AE /* MainWindow.swift */ = {isa = PBXFileReference; lastKnownFileType = sourcecode.swift; path = MainWindow.swift; sourceTree = "<group>"; };
		B0 /* DashboardView.swift */ = {isa = PBXFileReference; lastKnownFileType = sourcecode.swift; path = DashboardView.swift; sourceTree = "<group>"; };
		B2 /* TransferView.swift */ = {isa = PBXFileReference; lastKnownFileType = sourcecode.swift; path = TransferView.swift; sourceTree = "<group>"; };
		B4 /* TasksView.swift */ = {isa = PBXFileReference; lastKnownFileType = sourcecode.swift; path = TasksView.swift; sourceTree = "<group>"; };
		B6 /* HistoryView.swift */ = {isa = PBXFileReference; lastKnownFileType = sourcecode.swift; path = HistoryView.swift; sourceTree = "<group>"; };
		B8 /* FileBrowserView.swift */ = {isa = PBXFileReference; lastKnownFileType = sourcecode.swift; path = FileBrowserView.swift; sourceTree = "<group>"; };
		3EA943E5A37C52E2869C48D0 /* ProtonDriveManager.swift */ = {isa = PBXFileReference; lastKnownFileType = sourcecode.swift; name = ProtonDriveManager.swift; path = CloudSyncApp/ProtonDriveManager.swift; sourceTree = SOURCE_ROOT; };
		458E4CA3A6E61071EE941591 /* ScheduleManager.swift */ = {isa = PBXFileReference; lastKnownFileType = sourcecode.swift; name = ScheduleManager.swift; path = CloudSyncApp/ScheduleManager.swift; sourceTree = SOURCE_ROOT; };
		49FC495CA79185DB2B79982D /* Logger+Extensions.swift */ = {isa = PBXFileReference; lastKnownFileType = sourcecode.swift; name = "Logger+Extensions.swift"; path = "CloudSyncApp/Logger+Extensions.swift"; sourceTree = SOURCE_ROOT; };
		6F5E48E7AEC7D5E407F501B9 /* CloudSyncErrors.swift */ = {isa = PBXFileReference; lastKnownFileType = sourcecode.swift; name = CloudSyncErrors.swift; path = CloudSyncApp/CloudSyncErrors.swift; sourceTree = SOURCE_ROOT; };
		83ED492C8829FC2B8ACC2FBB /* ScheduleSettingsView.swift */ = {isa = PBXFileReference; lastKnownFileType = sourcecode.swift; name = ScheduleSettingsView.swift; path = CloudSyncApp/Views/ScheduleSettingsView.swift; sourceTree = SOURCE_ROOT; };
		A79142E2AF96EBA935916A2E /* SyncSchedule.swift */ = {isa = PBXFileReference; lastKnownFileType = sourcecode.swift; name = SyncSchedule.swift; path = CloudSyncApp/Models/SyncSchedule.swift; sourceTree = SOURCE_ROOT; };
		AFEC4CFC95280DF06508D2DC /* ScheduleRowView.swift */ = {isa = PBXFileReference; lastKnownFileType = sourcecode.swift; name = ScheduleRowView.swift; path = CloudSyncApp/Views/ScheduleRowView.swift; sourceTree = SOURCE_ROOT; };
		B37C41589EAD874DD98D07E4 /* EncryptionModal.swift */ = {isa = PBXFileReference; lastKnownFileType = sourcecode.swift; name = EncryptionModal.swift; path = CloudSyncApp/Views/EncryptionModal.swift; sourceTree = SOURCE_ROOT; };
		C4194F8B8D6C8FBB1644D705 /* ScheduleEditorSheet.swift */ = {isa = PBXFileReference; lastKnownFileType = sourcecode.swift; name = ScheduleEditorSheet.swift; path = CloudSyncApp/Views/ScheduleEditorSheet.swift; sourceTree = SOURCE_ROOT; };
		DCC849189CAEEFB49851CF23 /* Components.swift */ = {isa = PBXFileReference; lastKnownFileType = sourcecode.swift; name = Components.swift; path = CloudSyncApp/Components/Components.swift; sourceTree = SOURCE_ROOT; };
		ECFF45298AC401F4D2887258 /* KeychainManager.swift */ = {isa = PBXFileReference; lastKnownFileType = sourcecode.swift; name = KeychainManager.swift; path = CloudSyncApp/KeychainManager.swift; sourceTree = SOURCE_ROOT; };
		055C30C36D0BCF261C5C27FA /* ProtonDriveSetupView.swift */ = {isa = PBXFileReference; lastKnownFileType = sourcecode.swift; name = ProtonDriveSetupView.swift; path = CloudSyncApp/Views/ProtonDriveSetupView.swift; sourceTree = SOURCE_ROOT; };
/* End PBXFileReference section */

/* Begin PBXGroup section */
		21 /* CloudSyncApp */ = {
			isa = PBXGroup;
			children = (
				02,
				04,
				06,
				08,
				10,
				12,
				20,
				G1,
				G2,
				G3,
				G4,
				14,
				16,
				18,
				458E4CA3A6E61071EE941591 /* ScheduleManager.swift */,
				6F5E48E7AEC7D5E407F501B9 /* CloudSyncErrors.swift */,
				ECFF45298AC401F4D2887258 /* KeychainManager.swift */,
				49FC495CA79185DB2B79982D /* Logger+Extensions.swift */,
				3EA943E5A37C52E2869C48D0 /* ProtonDriveManager.swift */,
			);
			path = CloudSyncApp;
			sourceTree = "<group>";
		};
		22 /* Products */ = {
			isa = PBXGroup;
			children = (
				15,
			);
			name = Products;
			sourceTree = "<group>";
		};
		G0 /* Root */ = {
			isa = PBXGroup;
			children = (
				21,
				22,
			);
			sourceTree = "<group>";
		};
		G1 /* Models */ = {
			isa = PBXGroup;
			children = (
				A2,
				A4,
				A6,
				A79142E2AF96EBA935916A2E /* SyncSchedule.swift */,
			);
			path = Models;
			sourceTree = "<group>";
		};
		G2 /* ViewModels */ = {
			isa = PBXGroup;
			children = (
				A8,
				AA,
				AC,
			);
			path = ViewModels;
			sourceTree = "<group>";
		};
		G3 /* Views */ = {
			isa = PBXGroup;
			children = (
				AE,
				B0,
				B2,
				B4,
				B6,
				B8,
				83ED492C8829FC2B8ACC2FBB /* ScheduleSettingsView.swift */,
				AFEC4CFC95280DF06508D2DC /* ScheduleRowView.swift */,
				C4194F8B8D6C8FBB1644D705 /* ScheduleEditorSheet.swift */,
				B37C41589EAD874DD98D07E4 /* EncryptionModal.swift */,
				055C30C36D0BCF261C5C27FA /* ProtonDriveSetupView.swift */,
			);
			path = Views;
			sourceTree = "<group>";
		};
		G4 /* Components */ = {
			isa = PBXGroup;
			children = (
				DCC849189CAEEFB49851CF23 /* Components.swift */,
			);
			path = Components;
			sourceTree = "<group>";
		};
/* End PBXGroup section */

/* Begin PBXNativeTarget section */
		30 /* CloudSyncApp */ = {
			isa = PBXNativeTarget;
			buildConfigurationList = 31;
			buildPhases = (
				32,
				33,
			);
			buildRules = (
			);
			dependencies = (
			);
			name = CloudSyncApp;
			productName = CloudSyncApp;
			productReference = 15;
			productType = "com.apple.product-type.application";
		};
/* End PBXNativeTarget section */

/* Begin PBXProject section */
		40 /* Project object */ = {
			isa = PBXProject;
			attributes = {
				BuildIndependentTargetsInParallel = 1;
				LastSwiftUpdateCheck = 1500;
				LastUpgradeCheck = 1500;
			};
			buildConfigurationList = 41;
			compatibilityVersion = "Xcode 14.0";
			developmentRegion = en;
			hasScannedForEncodings = 0;
			knownRegions = (
				en,
				Base,
			);
			mainGroup = G0;
			productRefGroup = 22;
			projectDirPath = "";
			projectRoot = "";
			targets = (
				30,
			);
		};
/* End PBXProject section */

/* Begin PBXResourcesBuildPhase section */
		33 /* Resources */ = {
			isa = PBXResourcesBuildPhase;
			buildActionMask = 2147483647;
			files = (
				13,
			);
			runOnlyForDeploymentPostprocessing = 0;
		};
/* End PBXResourcesBuildPhase section */

/* Begin PBXSourcesBuildPhase section */
		32 /* Sources */ = {
			isa = PBXSourcesBuildPhase;
			buildActionMask = 2147483647;
			files = (
				01,
				03,
				05,
				07,
				09,
				11,
				19,
				A1,
				A3,
				A5,
				A7,
				A9,
				AB,
				AD,
				AF,
				B1,
				B3,
				B5,
				B7,
				9FF048E78C64843615D3B45A /* SyncSchedule.swift in Sources */,
				729F47C18417A8B8560B8C1F /* ScheduleManager.swift in Sources */,
				6D5141DCA9FE66C7D7B06816 /* ScheduleSettingsView.swift in Sources */,
				F9F6431099FEBF1B1708BFA1 /* ScheduleRowView.swift in Sources */,
				09E04DE9BBBC3500DBC6D7F4 /* ScheduleEditorSheet.swift in Sources */,
				BF01 /* EncryptionModal.swift in Sources */,
				BF02 /* Components.swift in Sources */,
				BF03 /* CloudSyncErrors.swift in Sources */,
				BF04 /* KeychainManager.swift in Sources */,
				BF05 /* Logger+Extensions.swift in Sources */,
				BF06 /* ProtonDriveManager.swift in Sources */,
				BF07 /* ProtonDriveSetupView.swift in Sources */,
			);
			runOnlyForDeploymentPostprocessing = 0;
		};
/* End PBXSourcesBuildPhase section */

/* Begin XCBuildConfiguration section */
		50 /* Debug */ = {
			isa = XCBuildConfiguration;
			buildSettings = {
				ALWAYS_SEARCH_USER_PATHS = NO;
				ASSETCATALOG_COMPILER_APPICON_NAME = AppIcon;
				ASSETCATALOG_COMPILER_GLOBAL_ACCENT_COLOR_NAME = AccentColor;
				CODE_SIGN_ENTITLEMENTS = CloudSyncApp/CloudSyncApp.entitlements;
				CODE_SIGN_STYLE = Automatic;
				COMBINE_HIDPI_IMAGES = YES;
				CURRENT_PROJECT_VERSION = 2;
				DEVELOPMENT_TEAM = "";
				ENABLE_HARDENED_RUNTIME = YES;
				GENERATE_INFOPLIST_FILE = YES;
				INFOPLIST_FILE = CloudSyncApp/Info.plist;
				INFOPLIST_KEY_LSUIElement = NO;
				INFOPLIST_KEY_NSHumanReadableCopyright = "Copyright © 2026 CloudSync. All rights reserved.";
				LD_RUNPATH_SEARCH_PATHS = (
					"$(inherited)",
					"@executable_path/../Frameworks",
				);
				MACOSX_DEPLOYMENT_TARGET = 14.0;
				MARKETING_VERSION = 2.0.0;
				PRODUCT_BUNDLE_IDENTIFIER = com.yourcompany.CloudSyncApp;
				PRODUCT_NAME = "$(TARGET_NAME)";
				SWIFT_EMIT_LOC_STRINGS = YES;
				SWIFT_VERSION = 5.0;
			};
			name = Debug;
		};
		51 /* Release */ = {
			isa = XCBuildConfiguration;
			buildSettings = {
				ALWAYS_SEARCH_USER_PATHS = NO;
				ASSETCATALOG_COMPILER_APPICON_NAME = AppIcon;
				ASSETCATALOG_COMPILER_GLOBAL_ACCENT_COLOR_NAME = AccentColor;
				CODE_SIGN_ENTITLEMENTS = CloudSyncApp/CloudSyncApp.entitlements;
				CODE_SIGN_STYLE = Automatic;
				COMBINE_HIDPI_IMAGES = YES;
				CURRENT_PROJECT_VERSION = 2;
				DEVELOPMENT_TEAM = "";
				ENABLE_HARDENED_RUNTIME = YES;
				GENERATE_INFOPLIST_FILE = YES;
				INFOPLIST_FILE = CloudSyncApp/Info.plist;
				INFOPLIST_KEY_LSUIElement = NO;
				INFOPLIST_KEY_NSHumanReadableCopyright = "Copyright © 2026 CloudSync. All rights reserved.";
				LD_RUNPATH_SEARCH_PATHS = (
					"$(inherited)",
					"@executable_path/../Frameworks",
				);
				MACOSX_DEPLOYMENT_TARGET = 14.0;
				MARKETING_VERSION = 2.0.0;
				PRODUCT_BUNDLE_IDENTIFIER = com.yourcompany.CloudSyncApp;
				PRODUCT_NAME = "$(TARGET_NAME)";
				SWIFT_EMIT_LOC_STRINGS = YES;
				SWIFT_VERSION = 5.0;
			};
			name = Release;
		};
/* End XCBuildConfiguration section */

/* Begin XCConfigurationList section */
		31 /* Build configuration list for PBXNativeTarget */ = {
			isa = XCConfigurationList;
			buildConfigurations = (
				50,
				51,
			);
			defaultConfigurationIsVisible = 0;
			defaultConfigurationName = Release;
		};
		41 /* Build configuration list for PBXProject */ = {
			isa = XCConfigurationList;
			buildConfigurations = (
				50,
				51,
			);
			defaultConfigurationIsVisible = 0;
			defaultConfigurationName = Release;
		};
/* End XCConfigurationList section */
	};
	rootObject = 40;
}
